// !$*UTF8*$!
{
	archiveVersion = 1;
	classes = {
	};
	objectVersion = 50;
	objects = {

/* Begin PBXBuildFile section */
		02DD09FC25114D6200B6696B /* AppDelegate.swift in Sources */ = {isa = PBXBuildFile; fileRef = 02DD09FB25114D6200B6696B /* AppDelegate.swift */; };
		02DD09FE25114D6200B6696B /* SceneDelegate.swift in Sources */ = {isa = PBXBuildFile; fileRef = 02DD09FD25114D6200B6696B /* SceneDelegate.swift */; };
		02DD0A0325114D6200B6696B /* Main.storyboard in Resources */ = {isa = PBXBuildFile; fileRef = 02DD0A0125114D6200B6696B /* Main.storyboard */; };
		02DD0A0525114D6700B6696B /* Assets.xcassets in Resources */ = {isa = PBXBuildFile; fileRef = 02DD0A0425114D6700B6696B /* Assets.xcassets */; };
		02DD0A0825114D6700B6696B /* LaunchScreen.storyboard in Resources */ = {isa = PBXBuildFile; fileRef = 02DD0A0625114D6700B6696B /* LaunchScreen.storyboard */; };
		E414C0702513D801009F3A7B /* MarkupTextViewDelegate.swift in Sources */ = {isa = PBXBuildFile; fileRef = E414C06F2513D801009F3A7B /* MarkupTextViewDelegate.swift */; };
		E414C07D2513D936009F3A7B /* MarkupTextView.swift in Sources */ = {isa = PBXBuildFile; fileRef = E414C07C2513D936009F3A7B /* MarkupTextView.swift */; };
		E414C07F2513D998009F3A7B /* MarkupViewController.swift in Sources */ = {isa = PBXBuildFile; fileRef = E414C07E2513D998009F3A7B /* MarkupViewController.swift */; };
		E4E385AA25192656001F0A95 /* UIFont+Traits.swift in Sources */ = {isa = PBXBuildFile; fileRef = E4E3857425192656001F0A95 /* UIFont+Traits.swift */; };
		E4E385AB25192656001F0A95 /* Typealias+UIKit.swift in Sources */ = {isa = PBXBuildFile; fileRef = E4E3857525192656001F0A95 /* Typealias+UIKit.swift */; };
		E4E385AC25192656001F0A95 /* MarkdownCode+UIKit.swift in Sources */ = {isa = PBXBuildFile; fileRef = E4E3857825192656001F0A95 /* MarkdownCode+UIKit.swift */; };
		E4E385AD25192656001F0A95 /* MarkdownLink+UIKit.swift in Sources */ = {isa = PBXBuildFile; fileRef = E4E3857A25192656001F0A95 /* MarkdownLink+UIKit.swift */; };
		E4E385AE25192656001F0A95 /* MarkdownHeader+UIKit.swift in Sources */ = {isa = PBXBuildFile; fileRef = E4E3857C25192656001F0A95 /* MarkdownHeader+UIKit.swift */; };
		E4E385AF25192656001F0A95 /* MarkdownParser+UIKit.swift in Sources */ = {isa = PBXBuildFile; fileRef = E4E3857D25192656001F0A95 /* MarkdownParser+UIKit.swift */; };
		E4E385B025192656001F0A95 /* MarkdownParser.swift in Sources */ = {isa = PBXBuildFile; fileRef = E4E3857F25192656001F0A95 /* MarkdownParser.swift */; };
		E4E385B125192656001F0A95 /* String+UTF16.swift in Sources */ = {isa = PBXBuildFile; fileRef = E4E3858125192656001F0A95 /* String+UTF16.swift */; };
		E4E385B225192656001F0A95 /* MarkdownCodeEscaping.swift in Sources */ = {isa = PBXBuildFile; fileRef = E4E3858425192656001F0A95 /* MarkdownCodeEscaping.swift */; };
		E4E385B325192656001F0A95 /* MarkdownEscaping.swift in Sources */ = {isa = PBXBuildFile; fileRef = E4E3858525192656001F0A95 /* MarkdownEscaping.swift */; };
		E4E385B425192656001F0A95 /* MarkdownUnescaping.swift in Sources */ = {isa = PBXBuildFile; fileRef = E4E3858625192656001F0A95 /* MarkdownUnescaping.swift */; };
		E4E385B525192656001F0A95 /* MarkdownQuote.swift in Sources */ = {isa = PBXBuildFile; fileRef = E4E3858825192656001F0A95 /* MarkdownQuote.swift */; };
		E4E385B625192656001F0A95 /* MarkdownCode.swift in Sources */ = {isa = PBXBuildFile; fileRef = E4E3858A25192656001F0A95 /* MarkdownCode.swift */; };
		E4E385B725192656001F0A95 /* MarkdownItalic.swift in Sources */ = {isa = PBXBuildFile; fileRef = E4E3858C25192656001F0A95 /* MarkdownItalic.swift */; };
		E4E385B825192656001F0A95 /* MarkdownAutomaticLink.swift in Sources */ = {isa = PBXBuildFile; fileRef = E4E3858E25192656001F0A95 /* MarkdownAutomaticLink.swift */; };
		E4E385B925192656001F0A95 /* MarkdownLink.swift in Sources */ = {isa = PBXBuildFile; fileRef = E4E3858F25192656001F0A95 /* MarkdownLink.swift */; };
		E4E385BA25192656001F0A95 /* MarkdownList.swift in Sources */ = {isa = PBXBuildFile; fileRef = E4E3859125192656001F0A95 /* MarkdownList.swift */; };
		E4E385BB25192656001F0A95 /* MarkdownBold.swift in Sources */ = {isa = PBXBuildFile; fileRef = E4E3859325192656001F0A95 /* MarkdownBold.swift */; };
		E4E385BC25192656001F0A95 /* MarkdownHeader.swift in Sources */ = {isa = PBXBuildFile; fileRef = E4E3859525192656001F0A95 /* MarkdownHeader.swift */; };
		E4E385BD25192656001F0A95 /* MarkdownStrikethrough.swift in Sources */ = {isa = PBXBuildFile; fileRef = E4E3859725192656001F0A95 /* MarkdownStrikethrough.swift */; };
		E4E385BE25192656001F0A95 /* MarkdownCommonElement.swift in Sources */ = {isa = PBXBuildFile; fileRef = E4E3859925192656001F0A95 /* MarkdownCommonElement.swift */; };
		E4E385BF25192656001F0A95 /* MarkdownLinkElement.swift in Sources */ = {isa = PBXBuildFile; fileRef = E4E3859A25192656001F0A95 /* MarkdownLinkElement.swift */; };
		E4E385C025192656001F0A95 /* MarkdownLevelElement.swift in Sources */ = {isa = PBXBuildFile; fileRef = E4E3859B25192656001F0A95 /* MarkdownLevelElement.swift */; };
		E4E385C125192656001F0A95 /* MarkdownElement.swift in Sources */ = {isa = PBXBuildFile; fileRef = E4E3859C25192656001F0A95 /* MarkdownElement.swift */; };
		E4E385C225192656001F0A95 /* MarkdownStyle.swift in Sources */ = {isa = PBXBuildFile; fileRef = E4E3859D25192656001F0A95 /* MarkdownStyle.swift */; };
/* End PBXBuildFile section */

/* Begin PBXFileReference section */
		02DD09F825114D6200B6696B /* MacroPepelelipa.app */ = {isa = PBXFileReference; explicitFileType = wrapper.application; includeInIndex = 0; path = MacroPepelelipa.app; sourceTree = BUILT_PRODUCTS_DIR; };
		02DD09FB25114D6200B6696B /* AppDelegate.swift */ = {isa = PBXFileReference; lastKnownFileType = sourcecode.swift; path = AppDelegate.swift; sourceTree = "<group>"; };
		02DD09FD25114D6200B6696B /* SceneDelegate.swift */ = {isa = PBXFileReference; lastKnownFileType = sourcecode.swift; path = SceneDelegate.swift; sourceTree = "<group>"; };
		02DD0A0225114D6200B6696B /* Base */ = {isa = PBXFileReference; lastKnownFileType = file.storyboard; name = Base; path = Base.lproj/Main.storyboard; sourceTree = "<group>"; };
		02DD0A0425114D6700B6696B /* Assets.xcassets */ = {isa = PBXFileReference; lastKnownFileType = folder.assetcatalog; path = Assets.xcassets; sourceTree = "<group>"; };
		02DD0A0725114D6700B6696B /* Base */ = {isa = PBXFileReference; lastKnownFileType = file.storyboard; name = Base; path = Base.lproj/LaunchScreen.storyboard; sourceTree = "<group>"; };
		02DD0A0925114D6700B6696B /* Info.plist */ = {isa = PBXFileReference; lastKnownFileType = text.plist.xml; path = Info.plist; sourceTree = "<group>"; };
		E414C06F2513D801009F3A7B /* MarkupTextViewDelegate.swift */ = {isa = PBXFileReference; lastKnownFileType = sourcecode.swift; name = MarkupTextViewDelegate.swift; path = MacroPepelelipa/MarkupTextViewDelegate.swift; sourceTree = SOURCE_ROOT; };
		E414C0722513D898009F3A7B /* MarkupNode.swift */ = {isa = PBXFileReference; fileEncoding = 4; lastKnownFileType = sourcecode.swift; path = MarkupNode.swift; sourceTree = "<group>"; };
		E414C0732513D898009F3A7B /* MarkupRenderer.swift */ = {isa = PBXFileReference; fileEncoding = 4; lastKnownFileType = sourcecode.swift; path = MarkupRenderer.swift; sourceTree = "<group>"; };
		E414C0742513D898009F3A7B /* MarkupTokenizer.swift */ = {isa = PBXFileReference; fileEncoding = 4; lastKnownFileType = sourcecode.swift; path = MarkupTokenizer.swift; sourceTree = "<group>"; };
		E414C0752513D898009F3A7B /* MarkupParser.swift */ = {isa = PBXFileReference; fileEncoding = 4; lastKnownFileType = sourcecode.swift; path = MarkupParser.swift; sourceTree = "<group>"; };
		E414C0762513D898009F3A7B /* MarkupToken.swift */ = {isa = PBXFileReference; fileEncoding = 4; lastKnownFileType = sourcecode.swift; path = MarkupToken.swift; sourceTree = "<group>"; };
		E414C07C2513D936009F3A7B /* MarkupTextView.swift */ = {isa = PBXFileReference; fileEncoding = 4; lastKnownFileType = sourcecode.swift; path = MarkupTextView.swift; sourceTree = "<group>"; };
		E414C07E2513D998009F3A7B /* MarkupViewController.swift */ = {isa = PBXFileReference; lastKnownFileType = sourcecode.swift; name = MarkupViewController.swift; path = MacroPepelelipa/View/MarkupViewController.swift; sourceTree = SOURCE_ROOT; };
		E4E3857425192656001F0A95 /* UIFont+Traits.swift */ = {isa = PBXFileReference; fileEncoding = 4; lastKnownFileType = sourcecode.swift; path = "UIFont+Traits.swift"; sourceTree = "<group>"; };
		E4E3857525192656001F0A95 /* Typealias+UIKit.swift */ = {isa = PBXFileReference; fileEncoding = 4; lastKnownFileType = sourcecode.swift; path = "Typealias+UIKit.swift"; sourceTree = "<group>"; };
		E4E3857825192656001F0A95 /* MarkdownCode+UIKit.swift */ = {isa = PBXFileReference; fileEncoding = 4; lastKnownFileType = sourcecode.swift; path = "MarkdownCode+UIKit.swift"; sourceTree = "<group>"; };
		E4E3857A25192656001F0A95 /* MarkdownLink+UIKit.swift */ = {isa = PBXFileReference; fileEncoding = 4; lastKnownFileType = sourcecode.swift; path = "MarkdownLink+UIKit.swift"; sourceTree = "<group>"; };
		E4E3857C25192656001F0A95 /* MarkdownHeader+UIKit.swift */ = {isa = PBXFileReference; fileEncoding = 4; lastKnownFileType = sourcecode.swift; path = "MarkdownHeader+UIKit.swift"; sourceTree = "<group>"; };
		E4E3857D25192656001F0A95 /* MarkdownParser+UIKit.swift */ = {isa = PBXFileReference; fileEncoding = 4; lastKnownFileType = sourcecode.swift; path = "MarkdownParser+UIKit.swift"; sourceTree = "<group>"; };
		E4E3857F25192656001F0A95 /* MarkdownParser.swift */ = {isa = PBXFileReference; fileEncoding = 4; lastKnownFileType = sourcecode.swift; path = MarkdownParser.swift; sourceTree = "<group>"; };
		E4E3858125192656001F0A95 /* String+UTF16.swift */ = {isa = PBXFileReference; fileEncoding = 4; lastKnownFileType = sourcecode.swift; path = "String+UTF16.swift"; sourceTree = "<group>"; };
		E4E3858425192656001F0A95 /* MarkdownCodeEscaping.swift */ = {isa = PBXFileReference; fileEncoding = 4; lastKnownFileType = sourcecode.swift; path = MarkdownCodeEscaping.swift; sourceTree = "<group>"; };
		E4E3858525192656001F0A95 /* MarkdownEscaping.swift */ = {isa = PBXFileReference; fileEncoding = 4; lastKnownFileType = sourcecode.swift; path = MarkdownEscaping.swift; sourceTree = "<group>"; };
		E4E3858625192656001F0A95 /* MarkdownUnescaping.swift */ = {isa = PBXFileReference; fileEncoding = 4; lastKnownFileType = sourcecode.swift; path = MarkdownUnescaping.swift; sourceTree = "<group>"; };
		E4E3858825192656001F0A95 /* MarkdownQuote.swift */ = {isa = PBXFileReference; fileEncoding = 4; lastKnownFileType = sourcecode.swift; path = MarkdownQuote.swift; sourceTree = "<group>"; };
		E4E3858A25192656001F0A95 /* MarkdownCode.swift */ = {isa = PBXFileReference; fileEncoding = 4; lastKnownFileType = sourcecode.swift; path = MarkdownCode.swift; sourceTree = "<group>"; };
		E4E3858C25192656001F0A95 /* MarkdownItalic.swift */ = {isa = PBXFileReference; fileEncoding = 4; lastKnownFileType = sourcecode.swift; path = MarkdownItalic.swift; sourceTree = "<group>"; };
		E4E3858E25192656001F0A95 /* MarkdownAutomaticLink.swift */ = {isa = PBXFileReference; fileEncoding = 4; lastKnownFileType = sourcecode.swift; path = MarkdownAutomaticLink.swift; sourceTree = "<group>"; };
		E4E3858F25192656001F0A95 /* MarkdownLink.swift */ = {isa = PBXFileReference; fileEncoding = 4; lastKnownFileType = sourcecode.swift; path = MarkdownLink.swift; sourceTree = "<group>"; };
		E4E3859125192656001F0A95 /* MarkdownList.swift */ = {isa = PBXFileReference; fileEncoding = 4; lastKnownFileType = sourcecode.swift; path = MarkdownList.swift; sourceTree = "<group>"; };
		E4E3859325192656001F0A95 /* MarkdownBold.swift */ = {isa = PBXFileReference; fileEncoding = 4; lastKnownFileType = sourcecode.swift; path = MarkdownBold.swift; sourceTree = "<group>"; };
		E4E3859525192656001F0A95 /* MarkdownHeader.swift */ = {isa = PBXFileReference; fileEncoding = 4; lastKnownFileType = sourcecode.swift; path = MarkdownHeader.swift; sourceTree = "<group>"; };
		E4E3859725192656001F0A95 /* MarkdownStrikethrough.swift */ = {isa = PBXFileReference; fileEncoding = 4; lastKnownFileType = sourcecode.swift; path = MarkdownStrikethrough.swift; sourceTree = "<group>"; };
		E4E3859925192656001F0A95 /* MarkdownCommonElement.swift */ = {isa = PBXFileReference; fileEncoding = 4; lastKnownFileType = sourcecode.swift; path = MarkdownCommonElement.swift; sourceTree = "<group>"; };
		E4E3859A25192656001F0A95 /* MarkdownLinkElement.swift */ = {isa = PBXFileReference; fileEncoding = 4; lastKnownFileType = sourcecode.swift; path = MarkdownLinkElement.swift; sourceTree = "<group>"; };
		E4E3859B25192656001F0A95 /* MarkdownLevelElement.swift */ = {isa = PBXFileReference; fileEncoding = 4; lastKnownFileType = sourcecode.swift; path = MarkdownLevelElement.swift; sourceTree = "<group>"; };
		E4E3859C25192656001F0A95 /* MarkdownElement.swift */ = {isa = PBXFileReference; fileEncoding = 4; lastKnownFileType = sourcecode.swift; path = MarkdownElement.swift; sourceTree = "<group>"; };
		E4E3859D25192656001F0A95 /* MarkdownStyle.swift */ = {isa = PBXFileReference; fileEncoding = 4; lastKnownFileType = sourcecode.swift; path = MarkdownStyle.swift; sourceTree = "<group>"; };
/* End PBXFileReference section */

/* Begin PBXFrameworksBuildPhase section */
		02DD09F525114D6200B6696B /* Frameworks */ = {
			isa = PBXFrameworksBuildPhase;
			buildActionMask = 2147483647;
			files = (
			);
			runOnlyForDeploymentPostprocessing = 0;
		};
/* End PBXFrameworksBuildPhase section */

/* Begin PBXGroup section */
		02DD09EF25114D6200B6696B = {
			isa = PBXGroup;
			children = (
				02DD09FA25114D6200B6696B /* MacroPepelelipa */,
				02DD09F925114D6200B6696B /* Products */,
			);
			sourceTree = "<group>";
		};
		02DD09F925114D6200B6696B /* Products */ = {
			isa = PBXGroup;
			children = (
				02DD09F825114D6200B6696B /* MacroPepelelipa.app */,
			);
			name = Products;
			sourceTree = "<group>";
		};
		02DD09FA25114D6200B6696B /* MacroPepelelipa */ = {
			isa = PBXGroup;
			children = (
				E414C0712513D877009F3A7B /* Helpers */,
				02DD0A1225114EA200B6696B /* Controller */,
				02DD0A1125114E9D00B6696B /* Model */,
				02DD0A1025114E9800B6696B /* View */,
				02DD09FB25114D6200B6696B /* AppDelegate.swift */,
				02DD09FD25114D6200B6696B /* SceneDelegate.swift */,
				02DD0A0625114D6700B6696B /* LaunchScreen.storyboard */,
				02DD0A0925114D6700B6696B /* Info.plist */,
			);
			path = MacroPepelelipa;
			sourceTree = "<group>";
		};
		02DD0A1025114E9800B6696B /* View */ = {
			isa = PBXGroup;
			children = (
				E414C07C2513D936009F3A7B /* MarkupTextView.swift */,
				02DD0A0425114D6700B6696B /* Assets.xcassets */,
				02DD0A0125114D6200B6696B /* Main.storyboard */,
			);
			path = View;
			sourceTree = "<group>";
		};
		02DD0A1125114E9D00B6696B /* Model */ = {
			isa = PBXGroup;
			children = (
			);
			path = Model;
			sourceTree = "<group>";
		};
		02DD0A1225114EA200B6696B /* Controller */ = {
			isa = PBXGroup;
			children = (
				E414C06F2513D801009F3A7B /* MarkupTextViewDelegate.swift */,
				E414C07E2513D998009F3A7B /* MarkupViewController.swift */,
			);
			path = Controller;
			sourceTree = "<group>";
		};
		E414C0712513D877009F3A7B /* Helpers */ = {
			isa = PBXGroup;
			children = (
				E414C0722513D898009F3A7B /* MarkupNode.swift */,
				E414C0752513D898009F3A7B /* MarkupParser.swift */,
				E414C0732513D898009F3A7B /* MarkupRenderer.swift */,
				E414C0762513D898009F3A7B /* MarkupToken.swift */,
				E414C0742513D898009F3A7B /* MarkupTokenizer.swift */,
				E4E3857125192656001F0A95 /* Sources */,
			);
			path = Helpers;
			sourceTree = "<group>";
		};
		E4E3857125192656001F0A95 /* Sources */ = {
			isa = PBXGroup;
			children = (
				E4E3857225192656001F0A95 /* UIKit */,
				E4E3857E25192656001F0A95 /* Common */,
			);
			path = Sources;
			sourceTree = "<group>";
		};
		E4E3857225192656001F0A95 /* UIKit */ = {
			isa = PBXGroup;
			children = (
				E4E3857325192656001F0A95 /* Extensions */,
				E4E3857525192656001F0A95 /* Typealias+UIKit.swift */,
				E4E3857625192656001F0A95 /* Elements */,
				E4E3857D25192656001F0A95 /* MarkdownParser+UIKit.swift */,
			);
			path = UIKit;
			sourceTree = "<group>";
		};
		E4E3857325192656001F0A95 /* Extensions */ = {
			isa = PBXGroup;
			children = (
				E4E3857425192656001F0A95 /* UIFont+Traits.swift */,
			);
			path = Extensions;
			sourceTree = "<group>";
		};
		E4E3857625192656001F0A95 /* Elements */ = {
			isa = PBXGroup;
			children = (
				E4E3857725192656001F0A95 /* Code */,
				E4E3857925192656001F0A95 /* Link */,
				E4E3857B25192656001F0A95 /* Header */,
			);
			path = Elements;
			sourceTree = "<group>";
		};
		E4E3857725192656001F0A95 /* Code */ = {
			isa = PBXGroup;
			children = (
				E4E3857825192656001F0A95 /* MarkdownCode+UIKit.swift */,
			);
			path = Code;
			sourceTree = "<group>";
		};
		E4E3857925192656001F0A95 /* Link */ = {
			isa = PBXGroup;
			children = (
				E4E3857A25192656001F0A95 /* MarkdownLink+UIKit.swift */,
			);
			path = Link;
			sourceTree = "<group>";
		};
		E4E3857B25192656001F0A95 /* Header */ = {
			isa = PBXGroup;
			children = (
				E4E3857C25192656001F0A95 /* MarkdownHeader+UIKit.swift */,
			);
			path = Header;
			sourceTree = "<group>";
		};
		E4E3857E25192656001F0A95 /* Common */ = {
			isa = PBXGroup;
			children = (
				E4E3857F25192656001F0A95 /* MarkdownParser.swift */,
				E4E3858025192656001F0A95 /* Extensions */,
				E4E3858225192656001F0A95 /* Elements */,
				E4E3859825192656001F0A95 /* Protocols */,
			);
			path = Common;
			sourceTree = "<group>";
		};
		E4E3858025192656001F0A95 /* Extensions */ = {
			isa = PBXGroup;
			children = (
				E4E3858125192656001F0A95 /* String+UTF16.swift */,
			);
			path = Extensions;
			sourceTree = "<group>";
		};
		E4E3858225192656001F0A95 /* Elements */ = {
			isa = PBXGroup;
			children = (
				E4E3858325192656001F0A95 /* Escaping */,
				E4E3858725192656001F0A95 /* Quote */,
				E4E3858925192656001F0A95 /* Code */,
				E4E3858B25192656001F0A95 /* Italic */,
				E4E3858D25192656001F0A95 /* Link */,
				E4E3859025192656001F0A95 /* List */,
				E4E3859225192656001F0A95 /* Bold */,
				E4E3859425192656001F0A95 /* Header */,
				E4E3859625192656001F0A95 /* Strikethrough */,
			);
			path = Elements;
			sourceTree = "<group>";
		};
		E4E3858325192656001F0A95 /* Escaping */ = {
			isa = PBXGroup;
			children = (
				E4E3858425192656001F0A95 /* MarkdownCodeEscaping.swift */,
				E4E3858525192656001F0A95 /* MarkdownEscaping.swift */,
				E4E3858625192656001F0A95 /* MarkdownUnescaping.swift */,
			);
			path = Escaping;
			sourceTree = "<group>";
		};
		E4E3858725192656001F0A95 /* Quote */ = {
			isa = PBXGroup;
			children = (
				E4E3858825192656001F0A95 /* MarkdownQuote.swift */,
			);
			path = Quote;
			sourceTree = "<group>";
		};
		E4E3858925192656001F0A95 /* Code */ = {
			isa = PBXGroup;
			children = (
				E4E3858A25192656001F0A95 /* MarkdownCode.swift */,
			);
			path = Code;
			sourceTree = "<group>";
		};
		E4E3858B25192656001F0A95 /* Italic */ = {
			isa = PBXGroup;
			children = (
				E4E3858C25192656001F0A95 /* MarkdownItalic.swift */,
			);
			path = Italic;
			sourceTree = "<group>";
		};
		E4E3858D25192656001F0A95 /* Link */ = {
			isa = PBXGroup;
			children = (
				E4E3858E25192656001F0A95 /* MarkdownAutomaticLink.swift */,
				E4E3858F25192656001F0A95 /* MarkdownLink.swift */,
			);
			path = Link;
			sourceTree = "<group>";
		};
		E4E3859025192656001F0A95 /* List */ = {
			isa = PBXGroup;
			children = (
				E4E3859125192656001F0A95 /* MarkdownList.swift */,
			);
			path = List;
			sourceTree = "<group>";
		};
		E4E3859225192656001F0A95 /* Bold */ = {
			isa = PBXGroup;
			children = (
				E4E3859325192656001F0A95 /* MarkdownBold.swift */,
			);
			path = Bold;
			sourceTree = "<group>";
		};
		E4E3859425192656001F0A95 /* Header */ = {
			isa = PBXGroup;
			children = (
				E4E3859525192656001F0A95 /* MarkdownHeader.swift */,
			);
			path = Header;
			sourceTree = "<group>";
		};
		E4E3859625192656001F0A95 /* Strikethrough */ = {
			isa = PBXGroup;
			children = (
				E4E3859725192656001F0A95 /* MarkdownStrikethrough.swift */,
			);
			path = Strikethrough;
			sourceTree = "<group>";
		};
		E4E3859825192656001F0A95 /* Protocols */ = {
			isa = PBXGroup;
			children = (
				E4E3859925192656001F0A95 /* MarkdownCommonElement.swift */,
				E4E3859A25192656001F0A95 /* MarkdownLinkElement.swift */,
				E4E3859B25192656001F0A95 /* MarkdownLevelElement.swift */,
				E4E3859C25192656001F0A95 /* MarkdownElement.swift */,
				E4E3859D25192656001F0A95 /* MarkdownStyle.swift */,
			);
			path = Protocols;
			sourceTree = "<group>";
		};
/* End PBXGroup section */

/* Begin PBXNativeTarget section */
		02DD09F725114D6200B6696B /* MacroPepelelipa */ = {
			isa = PBXNativeTarget;
			buildConfigurationList = 02DD0A0C25114D6700B6696B /* Build configuration list for PBXNativeTarget "MacroPepelelipa" */;
			buildPhases = (
				02DD09F425114D6200B6696B /* Sources */,
				02DD09F525114D6200B6696B /* Frameworks */,
				02DD09F625114D6200B6696B /* Resources */,
				02DD0A0F25114DAB00B6696B /* ShellScript */,
			);
			buildRules = (
			);
			dependencies = (
			);
			name = MacroPepelelipa;
			productName = MacroPepelelipa;
			productReference = 02DD09F825114D6200B6696B /* MacroPepelelipa.app */;
			productType = "com.apple.product-type.application";
		};
/* End PBXNativeTarget section */

/* Begin PBXProject section */
		02DD09F025114D6200B6696B /* Project object */ = {
			isa = PBXProject;
			attributes = {
				LastSwiftUpdateCheck = 1160;
				LastUpgradeCheck = 1200;
				ORGANIZATIONNAME = "Pedro Giuliano Farina";
				TargetAttributes = {
					02DD09F725114D6200B6696B = {
						CreatedOnToolsVersion = 11.6;
					};
				};
			};
			buildConfigurationList = 02DD09F325114D6200B6696B /* Build configuration list for PBXProject "MacroPepelelipa" */;
			compatibilityVersion = "Xcode 9.3";
			developmentRegion = en;
			hasScannedForEncodings = 0;
			knownRegions = (
				en,
				Base,
			);
			mainGroup = 02DD09EF25114D6200B6696B;
			productRefGroup = 02DD09F925114D6200B6696B /* Products */;
			projectDirPath = "";
			projectRoot = "";
			targets = (
				02DD09F725114D6200B6696B /* MacroPepelelipa */,
			);
		};
/* End PBXProject section */

/* Begin PBXResourcesBuildPhase section */
		02DD09F625114D6200B6696B /* Resources */ = {
			isa = PBXResourcesBuildPhase;
			buildActionMask = 2147483647;
			files = (
				02DD0A0825114D6700B6696B /* LaunchScreen.storyboard in Resources */,
				02DD0A0525114D6700B6696B /* Assets.xcassets in Resources */,
				02DD0A0325114D6200B6696B /* Main.storyboard in Resources */,
			);
			runOnlyForDeploymentPostprocessing = 0;
		};
/* End PBXResourcesBuildPhase section */

/* Begin PBXShellScriptBuildPhase section */
		02DD0A0F25114DAB00B6696B /* ShellScript */ = {
			isa = PBXShellScriptBuildPhase;
			buildActionMask = 2147483647;
			files = (
			);
			inputFileListPaths = (
			);
			inputPaths = (
			);
			outputFileListPaths = (
			);
			outputPaths = (
			);
			runOnlyForDeploymentPostprocessing = 0;
			shellPath = /bin/sh;
			shellScript = "if which swiftlint >/dev/null; then\n  swiftlint\nelse\n  echo \"warning: SwiftLint not installed, download from https://github.com/realm/SwiftLint\"\nfi\n";
		};
/* End PBXShellScriptBuildPhase section */

/* Begin PBXSourcesBuildPhase section */
		02DD09F425114D6200B6696B /* Sources */ = {
			isa = PBXSourcesBuildPhase;
			buildActionMask = 2147483647;
			files = (
				E4E385BB25192656001F0A95 /* MarkdownBold.swift in Sources */,
				E4E385AD25192656001F0A95 /* MarkdownLink+UIKit.swift in Sources */,
				E4E385B325192656001F0A95 /* MarkdownEscaping.swift in Sources */,
				E4E385BF25192656001F0A95 /* MarkdownLinkElement.swift in Sources */,
				E4E385C225192656001F0A95 /* MarkdownStyle.swift in Sources */,
				E4E385B825192656001F0A95 /* MarkdownAutomaticLink.swift in Sources */,
				E4E385B125192656001F0A95 /* String+UTF16.swift in Sources */,
				E4E385B425192656001F0A95 /* MarkdownUnescaping.swift in Sources */,
				E414C0702513D801009F3A7B /* MarkupTextViewDelegate.swift in Sources */,
				E4E385B725192656001F0A95 /* MarkdownItalic.swift in Sources */,
				E4E385BE25192656001F0A95 /* MarkdownCommonElement.swift in Sources */,
				E4E385C025192656001F0A95 /* MarkdownLevelElement.swift in Sources */,
				E414C07D2513D936009F3A7B /* MarkupTextView.swift in Sources */,
				E4E385AC25192656001F0A95 /* MarkdownCode+UIKit.swift in Sources */,
				E414C07F2513D998009F3A7B /* MarkupViewController.swift in Sources */,
				E4E385BA25192656001F0A95 /* MarkdownList.swift in Sources */,
				E4E385AA25192656001F0A95 /* UIFont+Traits.swift in Sources */,
				E4E385B225192656001F0A95 /* MarkdownCodeEscaping.swift in Sources */,
				02DD09FC25114D6200B6696B /* AppDelegate.swift in Sources */,
				E4E385B525192656001F0A95 /* MarkdownQuote.swift in Sources */,
				02DD09FE25114D6200B6696B /* SceneDelegate.swift in Sources */,
				E4E385AF25192656001F0A95 /* MarkdownParser+UIKit.swift in Sources */,
				E4E385BD25192656001F0A95 /* MarkdownStrikethrough.swift in Sources */,
				E4E385AE25192656001F0A95 /* MarkdownHeader+UIKit.swift in Sources */,
				E4E385C125192656001F0A95 /* MarkdownElement.swift in Sources */,
				E4E385BC25192656001F0A95 /* MarkdownHeader.swift in Sources */,
				E4E385AB25192656001F0A95 /* Typealias+UIKit.swift in Sources */,
				E4E385B925192656001F0A95 /* MarkdownLink.swift in Sources */,
				E4E385B025192656001F0A95 /* MarkdownParser.swift in Sources */,
				E4E385B625192656001F0A95 /* MarkdownCode.swift in Sources */,
			);
			runOnlyForDeploymentPostprocessing = 0;
		};
/* End PBXSourcesBuildPhase section */

/* Begin PBXVariantGroup section */
		02DD0A0125114D6200B6696B /* Main.storyboard */ = {
			isa = PBXVariantGroup;
			children = (
				02DD0A0225114D6200B6696B /* Base */,
			);
			name = Main.storyboard;
			sourceTree = "<group>";
		};
		02DD0A0625114D6700B6696B /* LaunchScreen.storyboard */ = {
			isa = PBXVariantGroup;
			children = (
				02DD0A0725114D6700B6696B /* Base */,
			);
			name = LaunchScreen.storyboard;
			sourceTree = "<group>";
		};
/* End PBXVariantGroup section */

/* Begin XCBuildConfiguration section */
		02DD0A0A25114D6700B6696B /* Debug */ = {
			isa = XCBuildConfiguration;
			buildSettings = {
				ALWAYS_SEARCH_USER_PATHS = NO;
				CLANG_ANALYZER_NONNULL = YES;
				CLANG_ANALYZER_NUMBER_OBJECT_CONVERSION = YES_AGGRESSIVE;
				CLANG_CXX_LANGUAGE_STANDARD = "gnu++14";
				CLANG_CXX_LIBRARY = "libc++";
				CLANG_ENABLE_MODULES = YES;
				CLANG_ENABLE_OBJC_ARC = YES;
				CLANG_ENABLE_OBJC_WEAK = YES;
				CLANG_WARN_BLOCK_CAPTURE_AUTORELEASING = YES;
				CLANG_WARN_BOOL_CONVERSION = YES;
				CLANG_WARN_COMMA = YES;
				CLANG_WARN_CONSTANT_CONVERSION = YES;
				CLANG_WARN_DEPRECATED_OBJC_IMPLEMENTATIONS = YES;
				CLANG_WARN_DIRECT_OBJC_ISA_USAGE = YES_ERROR;
				CLANG_WARN_DOCUMENTATION_COMMENTS = YES;
				CLANG_WARN_EMPTY_BODY = YES;
				CLANG_WARN_ENUM_CONVERSION = YES;
				CLANG_WARN_INFINITE_RECURSION = YES;
				CLANG_WARN_INT_CONVERSION = YES;
				CLANG_WARN_NON_LITERAL_NULL_CONVERSION = YES;
				CLANG_WARN_OBJC_IMPLICIT_RETAIN_SELF = YES;
				CLANG_WARN_OBJC_LITERAL_CONVERSION = YES;
				CLANG_WARN_OBJC_ROOT_CLASS = YES_ERROR;
				CLANG_WARN_QUOTED_INCLUDE_IN_FRAMEWORK_HEADER = YES;
				CLANG_WARN_RANGE_LOOP_ANALYSIS = YES;
				CLANG_WARN_STRICT_PROTOTYPES = YES;
				CLANG_WARN_SUSPICIOUS_MOVE = YES;
				CLANG_WARN_UNGUARDED_AVAILABILITY = YES_AGGRESSIVE;
				CLANG_WARN_UNREACHABLE_CODE = YES;
				CLANG_WARN__DUPLICATE_METHOD_MATCH = YES;
				COPY_PHASE_STRIP = NO;
				DEBUG_INFORMATION_FORMAT = dwarf;
				ENABLE_STRICT_OBJC_MSGSEND = YES;
				ENABLE_TESTABILITY = YES;
				GCC_C_LANGUAGE_STANDARD = gnu11;
				GCC_DYNAMIC_NO_PIC = NO;
				GCC_NO_COMMON_BLOCKS = YES;
				GCC_OPTIMIZATION_LEVEL = 0;
				GCC_PREPROCESSOR_DEFINITIONS = (
					"DEBUG=1",
					"$(inherited)",
				);
				GCC_WARN_64_TO_32_BIT_CONVERSION = YES;
				GCC_WARN_ABOUT_RETURN_TYPE = YES_ERROR;
				GCC_WARN_UNDECLARED_SELECTOR = YES;
				GCC_WARN_UNINITIALIZED_AUTOS = YES_AGGRESSIVE;
				GCC_WARN_UNUSED_FUNCTION = YES;
				GCC_WARN_UNUSED_VARIABLE = YES;
				IPHONEOS_DEPLOYMENT_TARGET = 13.6;
				MTL_ENABLE_DEBUG_INFO = INCLUDE_SOURCE;
				MTL_FAST_MATH = YES;
				ONLY_ACTIVE_ARCH = YES;
				SDKROOT = iphoneos;
				SWIFT_ACTIVE_COMPILATION_CONDITIONS = DEBUG;
				SWIFT_OPTIMIZATION_LEVEL = "-Onone";
			};
			name = Debug;
		};
		02DD0A0B25114D6700B6696B /* Release */ = {
			isa = XCBuildConfiguration;
			buildSettings = {
				ALWAYS_SEARCH_USER_PATHS = NO;
				CLANG_ANALYZER_NONNULL = YES;
				CLANG_ANALYZER_NUMBER_OBJECT_CONVERSION = YES_AGGRESSIVE;
				CLANG_CXX_LANGUAGE_STANDARD = "gnu++14";
				CLANG_CXX_LIBRARY = "libc++";
				CLANG_ENABLE_MODULES = YES;
				CLANG_ENABLE_OBJC_ARC = YES;
				CLANG_ENABLE_OBJC_WEAK = YES;
				CLANG_WARN_BLOCK_CAPTURE_AUTORELEASING = YES;
				CLANG_WARN_BOOL_CONVERSION = YES;
				CLANG_WARN_COMMA = YES;
				CLANG_WARN_CONSTANT_CONVERSION = YES;
				CLANG_WARN_DEPRECATED_OBJC_IMPLEMENTATIONS = YES;
				CLANG_WARN_DIRECT_OBJC_ISA_USAGE = YES_ERROR;
				CLANG_WARN_DOCUMENTATION_COMMENTS = YES;
				CLANG_WARN_EMPTY_BODY = YES;
				CLANG_WARN_ENUM_CONVERSION = YES;
				CLANG_WARN_INFINITE_RECURSION = YES;
				CLANG_WARN_INT_CONVERSION = YES;
				CLANG_WARN_NON_LITERAL_NULL_CONVERSION = YES;
				CLANG_WARN_OBJC_IMPLICIT_RETAIN_SELF = YES;
				CLANG_WARN_OBJC_LITERAL_CONVERSION = YES;
				CLANG_WARN_OBJC_ROOT_CLASS = YES_ERROR;
				CLANG_WARN_QUOTED_INCLUDE_IN_FRAMEWORK_HEADER = YES;
				CLANG_WARN_RANGE_LOOP_ANALYSIS = YES;
				CLANG_WARN_STRICT_PROTOTYPES = YES;
				CLANG_WARN_SUSPICIOUS_MOVE = YES;
				CLANG_WARN_UNGUARDED_AVAILABILITY = YES_AGGRESSIVE;
				CLANG_WARN_UNREACHABLE_CODE = YES;
				CLANG_WARN__DUPLICATE_METHOD_MATCH = YES;
				COPY_PHASE_STRIP = NO;
				DEBUG_INFORMATION_FORMAT = "dwarf-with-dsym";
				ENABLE_NS_ASSERTIONS = NO;
				ENABLE_STRICT_OBJC_MSGSEND = YES;
				GCC_C_LANGUAGE_STANDARD = gnu11;
				GCC_NO_COMMON_BLOCKS = YES;
				GCC_WARN_64_TO_32_BIT_CONVERSION = YES;
				GCC_WARN_ABOUT_RETURN_TYPE = YES_ERROR;
				GCC_WARN_UNDECLARED_SELECTOR = YES;
				GCC_WARN_UNINITIALIZED_AUTOS = YES_AGGRESSIVE;
				GCC_WARN_UNUSED_FUNCTION = YES;
				GCC_WARN_UNUSED_VARIABLE = YES;
				IPHONEOS_DEPLOYMENT_TARGET = 13.6;
				MTL_ENABLE_DEBUG_INFO = NO;
				MTL_FAST_MATH = YES;
				SDKROOT = iphoneos;
				SWIFT_COMPILATION_MODE = wholemodule;
				SWIFT_OPTIMIZATION_LEVEL = "-O";
				VALIDATE_PRODUCT = YES;
			};
			name = Release;
		};
		02DD0A0D25114D6700B6696B /* Debug */ = {
			isa = XCBuildConfiguration;
			buildSettings = {
				ASSETCATALOG_COMPILER_APPICON_NAME = AppIcon;
				CODE_SIGN_STYLE = Automatic;
				DEVELOPMENT_TEAM = BVZY57RJZG;
				INFOPLIST_FILE = MacroPepelelipa/Info.plist;
				LD_RUNPATH_SEARCH_PATHS = (
					"$(inherited)",
					"@executable_path/Frameworks",
				);
				PRODUCT_BUNDLE_IDENTIFIER = PGF.MacroPepelelipa;
				PRODUCT_NAME = "$(TARGET_NAME)";
				SWIFT_VERSION = 5.0;
				TARGETED_DEVICE_FAMILY = "1,2";
			};
			name = Debug;
		};
		02DD0A0E25114D6700B6696B /* Release */ = {
			isa = XCBuildConfiguration;
			buildSettings = {
				ASSETCATALOG_COMPILER_APPICON_NAME = AppIcon;
				CODE_SIGN_STYLE = Automatic;
				DEVELOPMENT_TEAM = BVZY57RJZG;
				INFOPLIST_FILE = MacroPepelelipa/Info.plist;
				LD_RUNPATH_SEARCH_PATHS = (
					"$(inherited)",
					"@executable_path/Frameworks",
				);
				PRODUCT_BUNDLE_IDENTIFIER = PGF.MacroPepelelipa;
				PRODUCT_NAME = "$(TARGET_NAME)";
				SWIFT_VERSION = 5.0;
				TARGETED_DEVICE_FAMILY = "1,2";
			};
			name = Release;
		};
/* End XCBuildConfiguration section */

/* Begin XCConfigurationList section */
		02DD09F325114D6200B6696B /* Build configuration list for PBXProject "MacroPepelelipa" */ = {
			isa = XCConfigurationList;
			buildConfigurations = (
				02DD0A0A25114D6700B6696B /* Debug */,
				02DD0A0B25114D6700B6696B /* Release */,
			);
			defaultConfigurationIsVisible = 0;
			defaultConfigurationName = Release;
		};
		02DD0A0C25114D6700B6696B /* Build configuration list for PBXNativeTarget "MacroPepelelipa" */ = {
			isa = XCConfigurationList;
			buildConfigurations = (
				02DD0A0D25114D6700B6696B /* Debug */,
				02DD0A0E25114D6700B6696B /* Release */,
			);
			defaultConfigurationIsVisible = 0;
			defaultConfigurationName = Release;
		};
/* End XCConfigurationList section */
	};
	rootObject = 02DD09F025114D6200B6696B /* Project object */;
}
