// !$*UTF8*$!
{
	archiveVersion = 1;
	classes = {
	};
	objectVersion = 50;
	objects = {

/* Begin PBXBuildFile section */
		020E22252513F10800A93EAB /* StringExtension.swift in Sources */ = {isa = PBXBuildFile; fileRef = 020E22242513F10800A93EAB /* StringExtension.swift */; };
		020E22262513F1A800A93EAB /* Localizable.strings in Resources */ = {isa = PBXBuildFile; fileRef = 020E22282513F1A800A93EAB /* Localizable.strings */; };
		0213BFB5251943C40085ABC3 /* IndexDelegateProtocol.swift in Sources */ = {isa = PBXBuildFile; fileRef = 0213BFB4251943C40085ABC3 /* IndexDelegateProtocol.swift */; };
		0221BCF625115E360055A2E5 /* PageViewControllerDataSource.swift in Sources */ = {isa = PBXBuildFile; fileRef = 0221BCF525115E360055A2E5 /* PageViewControllerDataSource.swift */; };
		0221BCF825116CC60055A2E5 /* ColorExtension.swift in Sources */ = {isa = PBXBuildFile; fileRef = 0221BCF725116CC60055A2E5 /* ColorExtension.swift */; };
		022D600A2519559D00001D5B /* UIFont+Traits.swift in Sources */ = {isa = PBXBuildFile; fileRef = 022D5FDC2519559D00001D5B /* UIFont+Traits.swift */; };
		022D600B2519559D00001D5B /* MarkdownCode+UIKit.swift in Sources */ = {isa = PBXBuildFile; fileRef = 022D5FDF2519559D00001D5B /* MarkdownCode+UIKit.swift */; };
		022D600C2519559D00001D5B /* MarkdownLink+UIKit.swift in Sources */ = {isa = PBXBuildFile; fileRef = 022D5FE12519559D00001D5B /* MarkdownLink+UIKit.swift */; };
		022D600D2519559D00001D5B /* MarkdownHeader+UIKit.swift in Sources */ = {isa = PBXBuildFile; fileRef = 022D5FE32519559D00001D5B /* MarkdownHeader+UIKit.swift */; };
		022D600E2519559D00001D5B /* Typealias+UIKit.swift in Sources */ = {isa = PBXBuildFile; fileRef = 022D5FE42519559D00001D5B /* Typealias+UIKit.swift */; };
		022D600F2519559D00001D5B /* MarkdownParser+UIKit.swift in Sources */ = {isa = PBXBuildFile; fileRef = 022D5FE52519559D00001D5B /* MarkdownParser+UIKit.swift */; };
		022D60102519559D00001D5B /* MarkdownParser.swift in Sources */ = {isa = PBXBuildFile; fileRef = 022D5FE72519559D00001D5B /* MarkdownParser.swift */; };
		022D60112519559D00001D5B /* String+UTF16.swift in Sources */ = {isa = PBXBuildFile; fileRef = 022D5FE92519559D00001D5B /* String+UTF16.swift */; };
		022D60122519559D00001D5B /* MarkdownCodeEscaping.swift in Sources */ = {isa = PBXBuildFile; fileRef = 022D5FEC2519559D00001D5B /* MarkdownCodeEscaping.swift */; };
		022D60132519559D00001D5B /* MarkdownEscaping.swift in Sources */ = {isa = PBXBuildFile; fileRef = 022D5FED2519559D00001D5B /* MarkdownEscaping.swift */; };
		022D60142519559D00001D5B /* MarkdownUnescaping.swift in Sources */ = {isa = PBXBuildFile; fileRef = 022D5FEE2519559D00001D5B /* MarkdownUnescaping.swift */; };
		022D60152519559D00001D5B /* MarkdownQuote.swift in Sources */ = {isa = PBXBuildFile; fileRef = 022D5FF02519559D00001D5B /* MarkdownQuote.swift */; };
		022D60162519559D00001D5B /* MarkdownItalic.swift in Sources */ = {isa = PBXBuildFile; fileRef = 022D5FF22519559D00001D5B /* MarkdownItalic.swift */; };
		022D60172519559D00001D5B /* MarkdownHighlight.swift in Sources */ = {isa = PBXBuildFile; fileRef = 022D5FF52519559D00001D5B /* MarkdownHighlight.swift */; };
		022D60182519559D00001D5B /* MarkdownCode.swift in Sources */ = {isa = PBXBuildFile; fileRef = 022D5FF72519559D00001D5B /* MarkdownCode.swift */; };
		022D60192519559D00001D5B /* MarkdownColoredBackground.swift in Sources */ = {isa = PBXBuildFile; fileRef = 022D5FF82519559D00001D5B /* MarkdownColoredBackground.swift */; };
		022D601A2519559D00001D5B /* MarkdownAutomaticLink.swift in Sources */ = {isa = PBXBuildFile; fileRef = 022D5FFA2519559D00001D5B /* MarkdownAutomaticLink.swift */; };
		022D601B2519559D00001D5B /* MarkdownLink.swift in Sources */ = {isa = PBXBuildFile; fileRef = 022D5FFB2519559D00001D5B /* MarkdownLink.swift */; };
		022D601C2519559D00001D5B /* MarkdownList.swift in Sources */ = {isa = PBXBuildFile; fileRef = 022D5FFD2519559D00001D5B /* MarkdownList.swift */; };
		022D601D2519559D00001D5B /* MarkdownBold.swift in Sources */ = {isa = PBXBuildFile; fileRef = 022D5FFF2519559D00001D5B /* MarkdownBold.swift */; };
		022D601E2519559D00001D5B /* MarkdownHeader.swift in Sources */ = {isa = PBXBuildFile; fileRef = 022D60012519559D00001D5B /* MarkdownHeader.swift */; };
		022D601F2519559D00001D5B /* MarkdownStrikethrough.swift in Sources */ = {isa = PBXBuildFile; fileRef = 022D60032519559D00001D5B /* MarkdownStrikethrough.swift */; };
		022D60202519559D00001D5B /* MarkdownCommonElement.swift in Sources */ = {isa = PBXBuildFile; fileRef = 022D60052519559D00001D5B /* MarkdownCommonElement.swift */; };
		022D60212519559D00001D5B /* MarkdownLinkElement.swift in Sources */ = {isa = PBXBuildFile; fileRef = 022D60062519559D00001D5B /* MarkdownLinkElement.swift */; };
		022D60222519559D00001D5B /* MarkdownLevelElement.swift in Sources */ = {isa = PBXBuildFile; fileRef = 022D60072519559D00001D5B /* MarkdownLevelElement.swift */; };
		022D60232519559D00001D5B /* MarkdownElement.swift in Sources */ = {isa = PBXBuildFile; fileRef = 022D60082519559D00001D5B /* MarkdownElement.swift */; };
		022D60242519559D00001D5B /* MarkdownStyle.swift in Sources */ = {isa = PBXBuildFile; fileRef = 022D60092519559D00001D5B /* MarkdownStyle.swift */; };
		022D6028251955B500001D5B /* MarkupTextViewDelegate.swift in Sources */ = {isa = PBXBuildFile; fileRef = 022D6026251955B500001D5B /* MarkupTextViewDelegate.swift */; };
		022D6029251955B500001D5B /* MarkupViewController.swift in Sources */ = {isa = PBXBuildFile; fileRef = 022D6027251955B500001D5B /* MarkupViewController.swift */; };
		022D602D251955D300001D5B /* MarkupTextView.swift in Sources */ = {isa = PBXBuildFile; fileRef = 022D602C251955D300001D5B /* MarkupTextView.swift */; };
		0247F78A25115B3600405A61 /* PageViewController.swift in Sources */ = {isa = PBXBuildFile; fileRef = 0247F78925115B3600405A61 /* PageViewController.swift */; };
		0247F78D25115BAA00405A61 /* WorkspaceViewController.swift in Sources */ = {isa = PBXBuildFile; fileRef = 0247F78C25115BAA00405A61 /* WorkspaceViewController.swift */; };
		026C3CAC251942A7001E32AE /* NotesViewController.swift in Sources */ = {isa = PBXBuildFile; fileRef = 026C3CAB251942A7001E32AE /* NotesViewController.swift */; };
		02A8BCEC2512A453006B685E /* CollectionViewDataSource.swift in Sources */ = {isa = PBXBuildFile; fileRef = 02A8BCEB2512A453006B685E /* CollectionViewDataSource.swift */; };
		02DD09FC25114D6200B6696B /* AppDelegate.swift in Sources */ = {isa = PBXBuildFile; fileRef = 02DD09FB25114D6200B6696B /* AppDelegate.swift */; };
		02DD09FE25114D6200B6696B /* SceneDelegate.swift in Sources */ = {isa = PBXBuildFile; fileRef = 02DD09FD25114D6200B6696B /* SceneDelegate.swift */; };
		02DD0A0525114D6700B6696B /* Assets.xcassets in Resources */ = {isa = PBXBuildFile; fileRef = 02DD0A0425114D6700B6696B /* Assets.xcassets */; };
		02DD0A0825114D6700B6696B /* LaunchScreen.storyboard in Resources */ = {isa = PBXBuildFile; fileRef = 02DD0A0625114D6700B6696B /* LaunchScreen.storyboard */; };
		02ECA4392512A87100E68588 /* Delegate.swift in Sources */ = {isa = PBXBuildFile; fileRef = 02ECA4382512A87100E68588 /* Delegate.swift */; };
		02ECA43C2512ABD100E68588 /* NotebookCollectionViewCell.swift in Sources */ = {isa = PBXBuildFile; fileRef = 02ECA43B2512ABD100E68588 /* NotebookCollectionViewCell.swift */; };
		A7BDD5FB2513F5A300DDB6A0 /* SplitViewController.swift in Sources */ = {isa = PBXBuildFile; fileRef = A7BDD5FA2513F5A300DDB6A0 /* SplitViewController.swift */; };
		A7BDD5FF2513F83F00DDB6A0 /* IndexViewController.swift in Sources */ = {isa = PBXBuildFile; fileRef = A7BDD5FE2513F83F00DDB6A0 /* IndexViewController.swift */; };
		A7BDD60A251406D900DDB6A0 /* TableViewDataSource.swift in Sources */ = {isa = PBXBuildFile; fileRef = A7BDD609251406D900DDB6A0 /* TableViewDataSource.swift */; };
		A7BDD60F2514078600DDB6A0 /* NotebookIndexTableViewCell.swift in Sources */ = {isa = PBXBuildFile; fileRef = A7BDD60E2514078600DDB6A0 /* NotebookIndexTableViewCell.swift */; };
		A7D4D229251287A700E204CC /* PageControllerDelegate.swift in Sources */ = {isa = PBXBuildFile; fileRef = A7D4D228251287A700E204CC /* PageControllerDelegate.swift */; };
/* End PBXBuildFile section */

/* Begin PBXFileReference section */
		020E22242513F10800A93EAB /* StringExtension.swift */ = {isa = PBXFileReference; lastKnownFileType = sourcecode.swift; path = StringExtension.swift; sourceTree = "<group>"; };
		020E22272513F1A800A93EAB /* en */ = {isa = PBXFileReference; lastKnownFileType = text.plist.strings; name = en; path = en.lproj/Localizable.strings; sourceTree = "<group>"; };
		020E22292513F1B500A93EAB /* pt-BR */ = {isa = PBXFileReference; lastKnownFileType = text.plist.strings; name = "pt-BR"; path = "pt-BR.lproj/Localizable.strings"; sourceTree = "<group>"; };
		0213BFB4251943C40085ABC3 /* IndexDelegateProtocol.swift */ = {isa = PBXFileReference; lastKnownFileType = sourcecode.swift; path = IndexDelegateProtocol.swift; sourceTree = "<group>"; };
		0221BCF525115E360055A2E5 /* PageViewControllerDataSource.swift */ = {isa = PBXFileReference; lastKnownFileType = sourcecode.swift; path = PageViewControllerDataSource.swift; sourceTree = "<group>"; };
		0221BCF725116CC60055A2E5 /* ColorExtension.swift */ = {isa = PBXFileReference; lastKnownFileType = sourcecode.swift; path = ColorExtension.swift; sourceTree = "<group>"; };
		022D5FDC2519559D00001D5B /* UIFont+Traits.swift */ = {isa = PBXFileReference; fileEncoding = 4; lastKnownFileType = sourcecode.swift; path = "UIFont+Traits.swift"; sourceTree = "<group>"; };
		022D5FDF2519559D00001D5B /* MarkdownCode+UIKit.swift */ = {isa = PBXFileReference; fileEncoding = 4; lastKnownFileType = sourcecode.swift; path = "MarkdownCode+UIKit.swift"; sourceTree = "<group>"; };
		022D5FE12519559D00001D5B /* MarkdownLink+UIKit.swift */ = {isa = PBXFileReference; fileEncoding = 4; lastKnownFileType = sourcecode.swift; path = "MarkdownLink+UIKit.swift"; sourceTree = "<group>"; };
		022D5FE32519559D00001D5B /* MarkdownHeader+UIKit.swift */ = {isa = PBXFileReference; fileEncoding = 4; lastKnownFileType = sourcecode.swift; path = "MarkdownHeader+UIKit.swift"; sourceTree = "<group>"; };
		022D5FE42519559D00001D5B /* Typealias+UIKit.swift */ = {isa = PBXFileReference; fileEncoding = 4; lastKnownFileType = sourcecode.swift; path = "Typealias+UIKit.swift"; sourceTree = "<group>"; };
		022D5FE52519559D00001D5B /* MarkdownParser+UIKit.swift */ = {isa = PBXFileReference; fileEncoding = 4; lastKnownFileType = sourcecode.swift; path = "MarkdownParser+UIKit.swift"; sourceTree = "<group>"; };
		022D5FE72519559D00001D5B /* MarkdownParser.swift */ = {isa = PBXFileReference; fileEncoding = 4; lastKnownFileType = sourcecode.swift; path = MarkdownParser.swift; sourceTree = "<group>"; };
		022D5FE92519559D00001D5B /* String+UTF16.swift */ = {isa = PBXFileReference; fileEncoding = 4; lastKnownFileType = sourcecode.swift; path = "String+UTF16.swift"; sourceTree = "<group>"; };
		022D5FEC2519559D00001D5B /* MarkdownCodeEscaping.swift */ = {isa = PBXFileReference; fileEncoding = 4; lastKnownFileType = sourcecode.swift; path = MarkdownCodeEscaping.swift; sourceTree = "<group>"; };
		022D5FED2519559D00001D5B /* MarkdownEscaping.swift */ = {isa = PBXFileReference; fileEncoding = 4; lastKnownFileType = sourcecode.swift; path = MarkdownEscaping.swift; sourceTree = "<group>"; };
		022D5FEE2519559D00001D5B /* MarkdownUnescaping.swift */ = {isa = PBXFileReference; fileEncoding = 4; lastKnownFileType = sourcecode.swift; path = MarkdownUnescaping.swift; sourceTree = "<group>"; };
		022D5FF02519559D00001D5B /* MarkdownQuote.swift */ = {isa = PBXFileReference; fileEncoding = 4; lastKnownFileType = sourcecode.swift; path = MarkdownQuote.swift; sourceTree = "<group>"; };
		022D5FF22519559D00001D5B /* MarkdownItalic.swift */ = {isa = PBXFileReference; fileEncoding = 4; lastKnownFileType = sourcecode.swift; path = MarkdownItalic.swift; sourceTree = "<group>"; };
		022D5FF52519559D00001D5B /* MarkdownHighlight.swift */ = {isa = PBXFileReference; fileEncoding = 4; lastKnownFileType = sourcecode.swift; path = MarkdownHighlight.swift; sourceTree = "<group>"; };
		022D5FF72519559D00001D5B /* MarkdownCode.swift */ = {isa = PBXFileReference; fileEncoding = 4; lastKnownFileType = sourcecode.swift; path = MarkdownCode.swift; sourceTree = "<group>"; };
		022D5FF82519559D00001D5B /* MarkdownColoredBackground.swift */ = {isa = PBXFileReference; fileEncoding = 4; lastKnownFileType = sourcecode.swift; path = MarkdownColoredBackground.swift; sourceTree = "<group>"; };
		022D5FFA2519559D00001D5B /* MarkdownAutomaticLink.swift */ = {isa = PBXFileReference; fileEncoding = 4; lastKnownFileType = sourcecode.swift; path = MarkdownAutomaticLink.swift; sourceTree = "<group>"; };
		022D5FFB2519559D00001D5B /* MarkdownLink.swift */ = {isa = PBXFileReference; fileEncoding = 4; lastKnownFileType = sourcecode.swift; path = MarkdownLink.swift; sourceTree = "<group>"; };
		022D5FFD2519559D00001D5B /* MarkdownList.swift */ = {isa = PBXFileReference; fileEncoding = 4; lastKnownFileType = sourcecode.swift; path = MarkdownList.swift; sourceTree = "<group>"; };
		022D5FFF2519559D00001D5B /* MarkdownBold.swift */ = {isa = PBXFileReference; fileEncoding = 4; lastKnownFileType = sourcecode.swift; path = MarkdownBold.swift; sourceTree = "<group>"; };
		022D60012519559D00001D5B /* MarkdownHeader.swift */ = {isa = PBXFileReference; fileEncoding = 4; lastKnownFileType = sourcecode.swift; path = MarkdownHeader.swift; sourceTree = "<group>"; };
		022D60032519559D00001D5B /* MarkdownStrikethrough.swift */ = {isa = PBXFileReference; fileEncoding = 4; lastKnownFileType = sourcecode.swift; path = MarkdownStrikethrough.swift; sourceTree = "<group>"; };
		022D60052519559D00001D5B /* MarkdownCommonElement.swift */ = {isa = PBXFileReference; fileEncoding = 4; lastKnownFileType = sourcecode.swift; path = MarkdownCommonElement.swift; sourceTree = "<group>"; };
		022D60062519559D00001D5B /* MarkdownLinkElement.swift */ = {isa = PBXFileReference; fileEncoding = 4; lastKnownFileType = sourcecode.swift; path = MarkdownLinkElement.swift; sourceTree = "<group>"; };
		022D60072519559D00001D5B /* MarkdownLevelElement.swift */ = {isa = PBXFileReference; fileEncoding = 4; lastKnownFileType = sourcecode.swift; path = MarkdownLevelElement.swift; sourceTree = "<group>"; };
		022D60082519559D00001D5B /* MarkdownElement.swift */ = {isa = PBXFileReference; fileEncoding = 4; lastKnownFileType = sourcecode.swift; path = MarkdownElement.swift; sourceTree = "<group>"; };
		022D60092519559D00001D5B /* MarkdownStyle.swift */ = {isa = PBXFileReference; fileEncoding = 4; lastKnownFileType = sourcecode.swift; path = MarkdownStyle.swift; sourceTree = "<group>"; };
		022D6026251955B500001D5B /* MarkupTextViewDelegate.swift */ = {isa = PBXFileReference; fileEncoding = 4; lastKnownFileType = sourcecode.swift; path = MarkupTextViewDelegate.swift; sourceTree = "<group>"; };
		022D6027251955B500001D5B /* MarkupViewController.swift */ = {isa = PBXFileReference; fileEncoding = 4; lastKnownFileType = sourcecode.swift; path = MarkupViewController.swift; sourceTree = "<group>"; };
		022D602C251955D300001D5B /* MarkupTextView.swift */ = {isa = PBXFileReference; fileEncoding = 4; lastKnownFileType = sourcecode.swift; path = MarkupTextView.swift; sourceTree = "<group>"; };
		0247F78925115B3600405A61 /* PageViewController.swift */ = {isa = PBXFileReference; lastKnownFileType = sourcecode.swift; path = PageViewController.swift; sourceTree = "<group>"; };
		0247F78C25115BAA00405A61 /* WorkspaceViewController.swift */ = {isa = PBXFileReference; lastKnownFileType = sourcecode.swift; path = WorkspaceViewController.swift; sourceTree = "<group>"; };
		026C3CAB251942A7001E32AE /* NotesViewController.swift */ = {isa = PBXFileReference; lastKnownFileType = sourcecode.swift; path = NotesViewController.swift; sourceTree = "<group>"; };
		02A8BCEB2512A453006B685E /* CollectionViewDataSource.swift */ = {isa = PBXFileReference; lastKnownFileType = sourcecode.swift; path = CollectionViewDataSource.swift; sourceTree = "<group>"; };
		02DD09F825114D6200B6696B /* MacroPepelelipa.app */ = {isa = PBXFileReference; explicitFileType = wrapper.application; includeInIndex = 0; path = MacroPepelelipa.app; sourceTree = BUILT_PRODUCTS_DIR; };
		02DD09FB25114D6200B6696B /* AppDelegate.swift */ = {isa = PBXFileReference; lastKnownFileType = sourcecode.swift; path = AppDelegate.swift; sourceTree = "<group>"; };
		02DD09FD25114D6200B6696B /* SceneDelegate.swift */ = {isa = PBXFileReference; lastKnownFileType = sourcecode.swift; path = SceneDelegate.swift; sourceTree = "<group>"; };
		02DD0A0425114D6700B6696B /* Assets.xcassets */ = {isa = PBXFileReference; lastKnownFileType = folder.assetcatalog; path = Assets.xcassets; sourceTree = "<group>"; };
		02DD0A0725114D6700B6696B /* Base */ = {isa = PBXFileReference; lastKnownFileType = file.storyboard; name = Base; path = Base.lproj/LaunchScreen.storyboard; sourceTree = "<group>"; };
		02DD0A0925114D6700B6696B /* Info.plist */ = {isa = PBXFileReference; lastKnownFileType = text.plist.xml; path = Info.plist; sourceTree = "<group>"; };
		02ECA4382512A87100E68588 /* Delegate.swift */ = {isa = PBXFileReference; lastKnownFileType = sourcecode.swift; path = Delegate.swift; sourceTree = "<group>"; };
		02ECA43B2512ABD100E68588 /* NotebookCollectionViewCell.swift */ = {isa = PBXFileReference; lastKnownFileType = sourcecode.swift; path = NotebookCollectionViewCell.swift; sourceTree = "<group>"; };
		A7BDD5FA2513F5A300DDB6A0 /* SplitViewController.swift */ = {isa = PBXFileReference; lastKnownFileType = sourcecode.swift; path = SplitViewController.swift; sourceTree = "<group>"; };
		A7BDD5FE2513F83F00DDB6A0 /* IndexViewController.swift */ = {isa = PBXFileReference; lastKnownFileType = sourcecode.swift; path = IndexViewController.swift; sourceTree = "<group>"; };
		A7BDD609251406D900DDB6A0 /* TableViewDataSource.swift */ = {isa = PBXFileReference; lastKnownFileType = sourcecode.swift; path = TableViewDataSource.swift; sourceTree = "<group>"; };
		A7BDD60E2514078600DDB6A0 /* NotebookIndexTableViewCell.swift */ = {isa = PBXFileReference; lastKnownFileType = sourcecode.swift; path = NotebookIndexTableViewCell.swift; sourceTree = "<group>"; };
		A7D4D228251287A700E204CC /* PageControllerDelegate.swift */ = {isa = PBXFileReference; lastKnownFileType = sourcecode.swift; path = PageControllerDelegate.swift; sourceTree = "<group>"; };
/* End PBXFileReference section */

/* Begin PBXFrameworksBuildPhase section */
		02DD09F525114D6200B6696B /* Frameworks */ = {
			isa = PBXFrameworksBuildPhase;
			buildActionMask = 2147483647;
			files = (
			);
			runOnlyForDeploymentPostprocessing = 0;
		};
/* End PBXFrameworksBuildPhase section */

/* Begin PBXGroup section */
		0200683A25193FDE00AE2CF1 /* SplitView */ = {
			isa = PBXGroup;
			children = (
				A7BDD5FA2513F5A300DDB6A0 /* SplitViewController.swift */,
			);
			path = SplitView;
			sourceTree = "<group>";
		};
		020E22212513F0D400A93EAB /* Strings */ = {
			isa = PBXGroup;
			children = (
				020E22282513F1A800A93EAB /* Localizable.strings */,
				020E22242513F10800A93EAB /* StringExtension.swift */,
			);
			path = Strings;
			sourceTree = "<group>";
		};
		0221BCF425115E150055A2E5 /* Workspace */ = {
			isa = PBXGroup;
			children = (
				0221BCF525115E360055A2E5 /* PageViewControllerDataSource.swift */,
				02A8BCEB2512A453006B685E /* CollectionViewDataSource.swift */,
			);
			path = Workspace;
			sourceTree = "<group>";
		};
		022D5FD92519559D00001D5B /* MarkupKit */ = {
			isa = PBXGroup;
			children = (
				022D5FDA2519559D00001D5B /* UIKit */,
				022D5FE62519559D00001D5B /* Common */,
			);
			path = MarkupKit;
			sourceTree = "<group>";
		};
		022D5FDA2519559D00001D5B /* UIKit */ = {
			isa = PBXGroup;
			children = (
				022D5FDB2519559D00001D5B /* Extensions */,
				022D5FDD2519559D00001D5B /* Elements */,
				022D5FE42519559D00001D5B /* Typealias+UIKit.swift */,
				022D5FE52519559D00001D5B /* MarkdownParser+UIKit.swift */,
			);
			path = UIKit;
			sourceTree = "<group>";
		};
		022D5FDB2519559D00001D5B /* Extensions */ = {
			isa = PBXGroup;
			children = (
				022D5FDC2519559D00001D5B /* UIFont+Traits.swift */,
			);
			path = Extensions;
			sourceTree = "<group>";
		};
		022D5FDD2519559D00001D5B /* Elements */ = {
			isa = PBXGroup;
			children = (
				022D5FDE2519559D00001D5B /* Code */,
				022D5FE02519559D00001D5B /* Link */,
				022D5FE22519559D00001D5B /* Header */,
			);
			path = Elements;
			sourceTree = "<group>";
		};
		022D5FDE2519559D00001D5B /* Code */ = {
			isa = PBXGroup;
			children = (
				022D5FDF2519559D00001D5B /* MarkdownCode+UIKit.swift */,
			);
			path = Code;
			sourceTree = "<group>";
		};
		022D5FE02519559D00001D5B /* Link */ = {
			isa = PBXGroup;
			children = (
				022D5FE12519559D00001D5B /* MarkdownLink+UIKit.swift */,
			);
			path = Link;
			sourceTree = "<group>";
		};
		022D5FE22519559D00001D5B /* Header */ = {
			isa = PBXGroup;
			children = (
				022D5FE32519559D00001D5B /* MarkdownHeader+UIKit.swift */,
			);
			path = Header;
			sourceTree = "<group>";
		};
		022D5FE62519559D00001D5B /* Common */ = {
			isa = PBXGroup;
			children = (
				022D5FE72519559D00001D5B /* MarkdownParser.swift */,
				022D5FE82519559D00001D5B /* Extensions */,
				022D5FEA2519559D00001D5B /* Elements */,
				022D60042519559D00001D5B /* Protocols */,
			);
			path = Common;
			sourceTree = "<group>";
		};
		022D5FE82519559D00001D5B /* Extensions */ = {
			isa = PBXGroup;
			children = (
				022D5FE92519559D00001D5B /* String+UTF16.swift */,
			);
			path = Extensions;
			sourceTree = "<group>";
		};
		022D5FEA2519559D00001D5B /* Elements */ = {
			isa = PBXGroup;
			children = (
				022D5FEB2519559D00001D5B /* Escaping */,
				022D5FEF2519559D00001D5B /* Quote */,
				022D5FF12519559D00001D5B /* Italic */,
				022D5FF32519559D00001D5B /* ColoredBackground */,
				022D5FF92519559D00001D5B /* Link */,
				022D5FFC2519559D00001D5B /* List */,
				022D5FFE2519559D00001D5B /* Bold */,
				022D60002519559D00001D5B /* Header */,
				022D60022519559D00001D5B /* Strikethrough */,
			);
			path = Elements;
			sourceTree = "<group>";
		};
		022D5FEB2519559D00001D5B /* Escaping */ = {
			isa = PBXGroup;
			children = (
				022D5FEC2519559D00001D5B /* MarkdownCodeEscaping.swift */,
				022D5FED2519559D00001D5B /* MarkdownEscaping.swift */,
				022D5FEE2519559D00001D5B /* MarkdownUnescaping.swift */,
			);
			path = Escaping;
			sourceTree = "<group>";
		};
		022D5FEF2519559D00001D5B /* Quote */ = {
			isa = PBXGroup;
			children = (
				022D5FF02519559D00001D5B /* MarkdownQuote.swift */,
			);
			path = Quote;
			sourceTree = "<group>";
		};
		022D5FF12519559D00001D5B /* Italic */ = {
			isa = PBXGroup;
			children = (
				022D5FF22519559D00001D5B /* MarkdownItalic.swift */,
			);
			path = Italic;
			sourceTree = "<group>";
		};
		022D5FF32519559D00001D5B /* ColoredBackground */ = {
			isa = PBXGroup;
			children = (
				022D5FF42519559D00001D5B /* Highlight */,
				022D5FF62519559D00001D5B /* Code */,
				022D5FF82519559D00001D5B /* MarkdownColoredBackground.swift */,
			);
			path = ColoredBackground;
			sourceTree = "<group>";
		};
		022D5FF42519559D00001D5B /* Highlight */ = {
			isa = PBXGroup;
			children = (
				022D5FF52519559D00001D5B /* MarkdownHighlight.swift */,
			);
			path = Highlight;
			sourceTree = "<group>";
		};
		022D5FF62519559D00001D5B /* Code */ = {
			isa = PBXGroup;
			children = (
				022D5FF72519559D00001D5B /* MarkdownCode.swift */,
			);
			path = Code;
			sourceTree = "<group>";
		};
		022D5FF92519559D00001D5B /* Link */ = {
			isa = PBXGroup;
			children = (
				022D5FFA2519559D00001D5B /* MarkdownAutomaticLink.swift */,
				022D5FFB2519559D00001D5B /* MarkdownLink.swift */,
			);
			path = Link;
			sourceTree = "<group>";
		};
		022D5FFC2519559D00001D5B /* List */ = {
			isa = PBXGroup;
			children = (
				022D5FFD2519559D00001D5B /* MarkdownList.swift */,
			);
			path = List;
			sourceTree = "<group>";
		};
		022D5FFE2519559D00001D5B /* Bold */ = {
			isa = PBXGroup;
			children = (
				022D5FFF2519559D00001D5B /* MarkdownBold.swift */,
			);
			path = Bold;
			sourceTree = "<group>";
		};
		022D60002519559D00001D5B /* Header */ = {
			isa = PBXGroup;
			children = (
				022D60012519559D00001D5B /* MarkdownHeader.swift */,
			);
			path = Header;
			sourceTree = "<group>";
		};
		022D60022519559D00001D5B /* Strikethrough */ = {
			isa = PBXGroup;
			children = (
				022D60032519559D00001D5B /* MarkdownStrikethrough.swift */,
			);
			path = Strikethrough;
			sourceTree = "<group>";
		};
		022D60042519559D00001D5B /* Protocols */ = {
			isa = PBXGroup;
			children = (
				022D60052519559D00001D5B /* MarkdownCommonElement.swift */,
				022D60062519559D00001D5B /* MarkdownLinkElement.swift */,
				022D60072519559D00001D5B /* MarkdownLevelElement.swift */,
				022D60082519559D00001D5B /* MarkdownElement.swift */,
				022D60092519559D00001D5B /* MarkdownStyle.swift */,
			);
			path = Protocols;
			sourceTree = "<group>";
		};
		022D602B251955C000001D5B /* Markup */ = {
			isa = PBXGroup;
			children = (
				022D6026251955B500001D5B /* MarkupTextViewDelegate.swift */,
				022D6027251955B500001D5B /* MarkupViewController.swift */,
			);
			path = Markup;
			sourceTree = "<group>";
		};
		022D602F251955D700001D5B /* Markup */ = {
			isa = PBXGroup;
			children = (
				022D602C251955D300001D5B /* MarkupTextView.swift */,
			);
			path = Markup;
			sourceTree = "<group>";
		};
		0247F78B25115B8900405A61 /* Workspace */ = {
			isa = PBXGroup;
			children = (
				0247F78925115B3600405A61 /* PageViewController.swift */,
				A7D4D228251287A700E204CC /* PageControllerDelegate.swift */,
				0247F78C25115BAA00405A61 /* WorkspaceViewController.swift */,
				024ED89D25115D1C00A2C709 /* CollectionView */,
			);
			path = Workspace;
			sourceTree = "<group>";
		};
		024ED89D25115D1C00A2C709 /* CollectionView */ = {
			isa = PBXGroup;
			children = (
				02ECA4382512A87100E68588 /* Delegate.swift */,
			);
			path = CollectionView;
			sourceTree = "<group>";
		};
		026C3CAE25194353001E32AE /* Notebook Index */ = {
			isa = PBXGroup;
			children = (
				0213BFB4251943C40085ABC3 /* IndexDelegateProtocol.swift */,
				A7BDD5FE2513F83F00DDB6A0 /* IndexViewController.swift */,
			);
			path = "Notebook Index";
			sourceTree = "<group>";
		};
		026C3CAF2519435E001E32AE /* Notes */ = {
			isa = PBXGroup;
			children = (
				026C3CAB251942A7001E32AE /* NotesViewController.swift */,
			);
			path = Notes;
			sourceTree = "<group>";
		};
		02DD09EF25114D6200B6696B = {
			isa = PBXGroup;
			children = (
				02DD09FA25114D6200B6696B /* MacroPepelelipa */,
				02DD09F925114D6200B6696B /* Products */,
			);
			sourceTree = "<group>";
		};
		02DD09F925114D6200B6696B /* Products */ = {
			isa = PBXGroup;
			children = (
				02DD09F825114D6200B6696B /* MacroPepelelipa.app */,
			);
			name = Products;
			sourceTree = "<group>";
		};
		02DD09FA25114D6200B6696B /* MacroPepelelipa */ = {
			isa = PBXGroup;
			children = (
				02DD0A1125114E9D00B6696B /* Model */,
				02DD0A1225114EA200B6696B /* Controller */,
				02DD0A1025114E9800B6696B /* View */,
				02DD09FB25114D6200B6696B /* AppDelegate.swift */,
				02DD09FD25114D6200B6696B /* SceneDelegate.swift */,
				02DD0A0625114D6700B6696B /* LaunchScreen.storyboard */,
				02DD0A0925114D6700B6696B /* Info.plist */,
			);
			path = MacroPepelelipa;
			sourceTree = "<group>";
		};
		02DD0A1025114E9800B6696B /* View */ = {
			isa = PBXGroup;
			children = (
				022D602F251955D700001D5B /* Markup */,
				02ECA43A2512ABA600E68588 /* Workspace */,
				A7BDD60D2514073E00DDB6A0 /* NotebookIndex */,
				02DD0A0425114D6700B6696B /* Assets.xcassets */,
			);
			path = View;
			sourceTree = "<group>";
		};
		02DD0A1125114E9D00B6696B /* Model */ = {
			isa = PBXGroup;
			children = (
				022D5FD92519559D00001D5B /* MarkupKit */,
				020E22212513F0D400A93EAB /* Strings */,
				0221BCF425115E150055A2E5 /* Workspace */,
				A7BDD6082514066700DDB6A0 /* NotebookIndex */,
				0221BCF725116CC60055A2E5 /* ColorExtension.swift */,
			);
			path = Model;
			sourceTree = "<group>";
		};
		02DD0A1225114EA200B6696B /* Controller */ = {
			isa = PBXGroup;
			children = (
				022D602B251955C000001D5B /* Markup */,
				0247F78B25115B8900405A61 /* Workspace */,
				A7BDD5F82513F4DC00DDB6A0 /* Notebook */,
			);
			path = Controller;
			sourceTree = "<group>";
		};
		02ECA43A2512ABA600E68588 /* Workspace */ = {
			isa = PBXGroup;
			children = (
				02ECA43B2512ABD100E68588 /* NotebookCollectionViewCell.swift */,
			);
			path = Workspace;
			sourceTree = "<group>";
		};
		A7BDD5F82513F4DC00DDB6A0 /* Notebook */ = {
			isa = PBXGroup;
			children = (
				0200683A25193FDE00AE2CF1 /* SplitView */,
				026C3CAE25194353001E32AE /* Notebook Index */,
				026C3CAF2519435E001E32AE /* Notes */,
			);
			path = Notebook;
			sourceTree = "<group>";
		};
		A7BDD6082514066700DDB6A0 /* NotebookIndex */ = {
			isa = PBXGroup;
			children = (
				A7BDD609251406D900DDB6A0 /* TableViewDataSource.swift */,
			);
			path = NotebookIndex;
			sourceTree = "<group>";
		};
		A7BDD60D2514073E00DDB6A0 /* NotebookIndex */ = {
			isa = PBXGroup;
			children = (
				A7BDD60E2514078600DDB6A0 /* NotebookIndexTableViewCell.swift */,
			);
			path = NotebookIndex;
			sourceTree = "<group>";
		};
/* End PBXGroup section */

/* Begin PBXNativeTarget section */
		02DD09F725114D6200B6696B /* MacroPepelelipa */ = {
			isa = PBXNativeTarget;
			buildConfigurationList = 02DD0A0C25114D6700B6696B /* Build configuration list for PBXNativeTarget "MacroPepelelipa" */;
			buildPhases = (
				02DD09F425114D6200B6696B /* Sources */,
				02DD09F525114D6200B6696B /* Frameworks */,
				02DD09F625114D6200B6696B /* Resources */,
				02DD0A0F25114DAB00B6696B /* ShellScript */,
			);
			buildRules = (
			);
			dependencies = (
			);
			name = MacroPepelelipa;
			productName = MacroPepelelipa;
			productReference = 02DD09F825114D6200B6696B /* MacroPepelelipa.app */;
			productType = "com.apple.product-type.application";
		};
/* End PBXNativeTarget section */

/* Begin PBXProject section */
		02DD09F025114D6200B6696B /* Project object */ = {
			isa = PBXProject;
			attributes = {
				LastSwiftUpdateCheck = 1160;
				LastUpgradeCheck = 1200;
				ORGANIZATIONNAME = "Pedro Giuliano Farina";
				TargetAttributes = {
					02DD09F725114D6200B6696B = {
						CreatedOnToolsVersion = 11.6;
					};
				};
			};
			buildConfigurationList = 02DD09F325114D6200B6696B /* Build configuration list for PBXProject "MacroPepelelipa" */;
			compatibilityVersion = "Xcode 9.3";
			developmentRegion = en;
			hasScannedForEncodings = 0;
			knownRegions = (
				en,
				Base,
				"pt-BR",
			);
			mainGroup = 02DD09EF25114D6200B6696B;
			productRefGroup = 02DD09F925114D6200B6696B /* Products */;
			projectDirPath = "";
			projectRoot = "";
			targets = (
				02DD09F725114D6200B6696B /* MacroPepelelipa */,
			);
		};
/* End PBXProject section */

/* Begin PBXResourcesBuildPhase section */
		02DD09F625114D6200B6696B /* Resources */ = {
			isa = PBXResourcesBuildPhase;
			buildActionMask = 2147483647;
			files = (
				02DD0A0825114D6700B6696B /* LaunchScreen.storyboard in Resources */,
				020E22262513F1A800A93EAB /* Localizable.strings in Resources */,
				02DD0A0525114D6700B6696B /* Assets.xcassets in Resources */,
			);
			runOnlyForDeploymentPostprocessing = 0;
		};
/* End PBXResourcesBuildPhase section */

/* Begin PBXShellScriptBuildPhase section */
		02DD0A0F25114DAB00B6696B /* ShellScript */ = {
			isa = PBXShellScriptBuildPhase;
			buildActionMask = 2147483647;
			files = (
			);
			inputFileListPaths = (
			);
			inputPaths = (
			);
			outputFileListPaths = (
			);
			outputPaths = (
			);
			runOnlyForDeploymentPostprocessing = 0;
			shellPath = /bin/sh;
			shellScript = "if which swiftlint >/dev/null; then\n  swiftlint\nelse\n  echo \"warning: SwiftLint not installed, download from https://github.com/realm/SwiftLint\"\nfi\n";
		};
/* End PBXShellScriptBuildPhase section */

/* Begin PBXSourcesBuildPhase section */
		02DD09F425114D6200B6696B /* Sources */ = {
			isa = PBXSourcesBuildPhase;
			buildActionMask = 2147483647;
			files = (
				02ECA43C2512ABD100E68588 /* NotebookCollectionViewCell.swift in Sources */,
				022D60232519559D00001D5B /* MarkdownElement.swift in Sources */,
				0213BFB5251943C40085ABC3 /* IndexDelegateProtocol.swift in Sources */,
				022D600B2519559D00001D5B /* MarkdownCode+UIKit.swift in Sources */,
				022D60152519559D00001D5B /* MarkdownQuote.swift in Sources */,
				0247F78D25115BAA00405A61 /* WorkspaceViewController.swift in Sources */,
				022D601D2519559D00001D5B /* MarkdownBold.swift in Sources */,
				022D60172519559D00001D5B /* MarkdownHighlight.swift in Sources */,
				A7BDD5FB2513F5A300DDB6A0 /* SplitViewController.swift in Sources */,
				022D602D251955D300001D5B /* MarkupTextView.swift in Sources */,
				02ECA4392512A87100E68588 /* Delegate.swift in Sources */,
				022D6029251955B500001D5B /* MarkupViewController.swift in Sources */,
				0247F78A25115B3600405A61 /* PageViewController.swift in Sources */,
				022D60142519559D00001D5B /* MarkdownUnescaping.swift in Sources */,
				022D601F2519559D00001D5B /* MarkdownStrikethrough.swift in Sources */,
				022D60202519559D00001D5B /* MarkdownCommonElement.swift in Sources */,
				022D60132519559D00001D5B /* MarkdownEscaping.swift in Sources */,
				022D6028251955B500001D5B /* MarkupTextViewDelegate.swift in Sources */,
				022D60182519559D00001D5B /* MarkdownCode.swift in Sources */,
				02DD09FC25114D6200B6696B /* AppDelegate.swift in Sources */,
				022D60112519559D00001D5B /* String+UTF16.swift in Sources */,
				022D601A2519559D00001D5B /* MarkdownAutomaticLink.swift in Sources */,
				022D60162519559D00001D5B /* MarkdownItalic.swift in Sources */,
				A7D4D229251287A700E204CC /* PageControllerDelegate.swift in Sources */,
				0221BCF825116CC60055A2E5 /* ColorExtension.swift in Sources */,
				02A8BCEC2512A453006B685E /* CollectionViewDataSource.swift in Sources */,
				02DD09FE25114D6200B6696B /* SceneDelegate.swift in Sources */,
				020E22252513F10800A93EAB /* StringExtension.swift in Sources */,
				022D60222519559D00001D5B /* MarkdownLevelElement.swift in Sources */,
				022D60242519559D00001D5B /* MarkdownStyle.swift in Sources */,
				0221BCF625115E360055A2E5 /* PageViewControllerDataSource.swift in Sources */,
				026C3CAC251942A7001E32AE /* NotesViewController.swift in Sources */,
				022D60212519559D00001D5B /* MarkdownLinkElement.swift in Sources */,
				022D60192519559D00001D5B /* MarkdownColoredBackground.swift in Sources */,
				A7BDD60A251406D900DDB6A0 /* TableViewDataSource.swift in Sources */,
				022D600A2519559D00001D5B /* UIFont+Traits.swift in Sources */,
				022D600E2519559D00001D5B /* Typealias+UIKit.swift in Sources */,
				022D600C2519559D00001D5B /* MarkdownLink+UIKit.swift in Sources */,
				A7BDD60F2514078600DDB6A0 /* NotebookIndexTableViewCell.swift in Sources */,
				022D600F2519559D00001D5B /* MarkdownParser+UIKit.swift in Sources */,
				A7BDD5FF2513F83F00DDB6A0 /* IndexViewController.swift in Sources */,
				022D600D2519559D00001D5B /* MarkdownHeader+UIKit.swift in Sources */,
				022D601C2519559D00001D5B /* MarkdownList.swift in Sources */,
				022D601B2519559D00001D5B /* MarkdownLink.swift in Sources */,
				022D601E2519559D00001D5B /* MarkdownHeader.swift in Sources */,
				022D60102519559D00001D5B /* MarkdownParser.swift in Sources */,
				022D60122519559D00001D5B /* MarkdownCodeEscaping.swift in Sources */,
			);
			runOnlyForDeploymentPostprocessing = 0;
		};
/* End PBXSourcesBuildPhase section */

/* Begin PBXVariantGroup section */
		020E22282513F1A800A93EAB /* Localizable.strings */ = {
			isa = PBXVariantGroup;
			children = (
				020E22272513F1A800A93EAB /* en */,
				020E22292513F1B500A93EAB /* pt-BR */,
			);
			name = Localizable.strings;
			sourceTree = "<group>";
		};
		02DD0A0625114D6700B6696B /* LaunchScreen.storyboard */ = {
			isa = PBXVariantGroup;
			children = (
				02DD0A0725114D6700B6696B /* Base */,
			);
			name = LaunchScreen.storyboard;
			sourceTree = "<group>";
		};
/* End PBXVariantGroup section */

/* Begin XCBuildConfiguration section */
		02DD0A0A25114D6700B6696B /* Debug */ = {
			isa = XCBuildConfiguration;
			buildSettings = {
				ALWAYS_SEARCH_USER_PATHS = NO;
				CLANG_ANALYZER_LOCALIZABILITY_NONLOCALIZED = YES;
				CLANG_ANALYZER_NONNULL = YES;
				CLANG_ANALYZER_NUMBER_OBJECT_CONVERSION = YES_AGGRESSIVE;
				CLANG_CXX_LANGUAGE_STANDARD = "gnu++14";
				CLANG_CXX_LIBRARY = "libc++";
				CLANG_ENABLE_MODULES = YES;
				CLANG_ENABLE_OBJC_ARC = YES;
				CLANG_ENABLE_OBJC_WEAK = YES;
				CLANG_WARN_BLOCK_CAPTURE_AUTORELEASING = YES;
				CLANG_WARN_BOOL_CONVERSION = YES;
				CLANG_WARN_COMMA = YES;
				CLANG_WARN_CONSTANT_CONVERSION = YES;
				CLANG_WARN_DEPRECATED_OBJC_IMPLEMENTATIONS = YES;
				CLANG_WARN_DIRECT_OBJC_ISA_USAGE = YES_ERROR;
				CLANG_WARN_DOCUMENTATION_COMMENTS = YES;
				CLANG_WARN_EMPTY_BODY = YES;
				CLANG_WARN_ENUM_CONVERSION = YES;
				CLANG_WARN_INFINITE_RECURSION = YES;
				CLANG_WARN_INT_CONVERSION = YES;
				CLANG_WARN_NON_LITERAL_NULL_CONVERSION = YES;
				CLANG_WARN_OBJC_IMPLICIT_RETAIN_SELF = YES;
				CLANG_WARN_OBJC_LITERAL_CONVERSION = YES;
				CLANG_WARN_OBJC_ROOT_CLASS = YES_ERROR;
				CLANG_WARN_QUOTED_INCLUDE_IN_FRAMEWORK_HEADER = YES;
				CLANG_WARN_RANGE_LOOP_ANALYSIS = YES;
				CLANG_WARN_STRICT_PROTOTYPES = YES;
				CLANG_WARN_SUSPICIOUS_MOVE = YES;
				CLANG_WARN_UNGUARDED_AVAILABILITY = YES_AGGRESSIVE;
				CLANG_WARN_UNREACHABLE_CODE = YES;
				CLANG_WARN__DUPLICATE_METHOD_MATCH = YES;
				COPY_PHASE_STRIP = NO;
				DEBUG_INFORMATION_FORMAT = dwarf;
				ENABLE_STRICT_OBJC_MSGSEND = YES;
				ENABLE_TESTABILITY = YES;
				GCC_C_LANGUAGE_STANDARD = gnu11;
				GCC_DYNAMIC_NO_PIC = NO;
				GCC_NO_COMMON_BLOCKS = YES;
				GCC_OPTIMIZATION_LEVEL = 0;
				GCC_PREPROCESSOR_DEFINITIONS = (
					"DEBUG=1",
					"$(inherited)",
				);
				GCC_WARN_64_TO_32_BIT_CONVERSION = YES;
				GCC_WARN_ABOUT_RETURN_TYPE = YES_ERROR;
				GCC_WARN_UNDECLARED_SELECTOR = YES;
				GCC_WARN_UNINITIALIZED_AUTOS = YES_AGGRESSIVE;
				GCC_WARN_UNUSED_FUNCTION = YES;
				GCC_WARN_UNUSED_VARIABLE = YES;
				IPHONEOS_DEPLOYMENT_TARGET = 13.6;
				MTL_ENABLE_DEBUG_INFO = INCLUDE_SOURCE;
				MTL_FAST_MATH = YES;
				ONLY_ACTIVE_ARCH = YES;
				SDKROOT = iphoneos;
				SWIFT_ACTIVE_COMPILATION_CONDITIONS = DEBUG;
				SWIFT_OPTIMIZATION_LEVEL = "-Onone";
			};
			name = Debug;
		};
		02DD0A0B25114D6700B6696B /* Release */ = {
			isa = XCBuildConfiguration;
			buildSettings = {
				ALWAYS_SEARCH_USER_PATHS = NO;
				CLANG_ANALYZER_LOCALIZABILITY_NONLOCALIZED = YES;
				CLANG_ANALYZER_NONNULL = YES;
				CLANG_ANALYZER_NUMBER_OBJECT_CONVERSION = YES_AGGRESSIVE;
				CLANG_CXX_LANGUAGE_STANDARD = "gnu++14";
				CLANG_CXX_LIBRARY = "libc++";
				CLANG_ENABLE_MODULES = YES;
				CLANG_ENABLE_OBJC_ARC = YES;
				CLANG_ENABLE_OBJC_WEAK = YES;
				CLANG_WARN_BLOCK_CAPTURE_AUTORELEASING = YES;
				CLANG_WARN_BOOL_CONVERSION = YES;
				CLANG_WARN_COMMA = YES;
				CLANG_WARN_CONSTANT_CONVERSION = YES;
				CLANG_WARN_DEPRECATED_OBJC_IMPLEMENTATIONS = YES;
				CLANG_WARN_DIRECT_OBJC_ISA_USAGE = YES_ERROR;
				CLANG_WARN_DOCUMENTATION_COMMENTS = YES;
				CLANG_WARN_EMPTY_BODY = YES;
				CLANG_WARN_ENUM_CONVERSION = YES;
				CLANG_WARN_INFINITE_RECURSION = YES;
				CLANG_WARN_INT_CONVERSION = YES;
				CLANG_WARN_NON_LITERAL_NULL_CONVERSION = YES;
				CLANG_WARN_OBJC_IMPLICIT_RETAIN_SELF = YES;
				CLANG_WARN_OBJC_LITERAL_CONVERSION = YES;
				CLANG_WARN_OBJC_ROOT_CLASS = YES_ERROR;
				CLANG_WARN_QUOTED_INCLUDE_IN_FRAMEWORK_HEADER = YES;
				CLANG_WARN_RANGE_LOOP_ANALYSIS = YES;
				CLANG_WARN_STRICT_PROTOTYPES = YES;
				CLANG_WARN_SUSPICIOUS_MOVE = YES;
				CLANG_WARN_UNGUARDED_AVAILABILITY = YES_AGGRESSIVE;
				CLANG_WARN_UNREACHABLE_CODE = YES;
				CLANG_WARN__DUPLICATE_METHOD_MATCH = YES;
				COPY_PHASE_STRIP = NO;
				DEBUG_INFORMATION_FORMAT = "dwarf-with-dsym";
				ENABLE_NS_ASSERTIONS = NO;
				ENABLE_STRICT_OBJC_MSGSEND = YES;
				GCC_C_LANGUAGE_STANDARD = gnu11;
				GCC_NO_COMMON_BLOCKS = YES;
				GCC_WARN_64_TO_32_BIT_CONVERSION = YES;
				GCC_WARN_ABOUT_RETURN_TYPE = YES_ERROR;
				GCC_WARN_UNDECLARED_SELECTOR = YES;
				GCC_WARN_UNINITIALIZED_AUTOS = YES_AGGRESSIVE;
				GCC_WARN_UNUSED_FUNCTION = YES;
				GCC_WARN_UNUSED_VARIABLE = YES;
				IPHONEOS_DEPLOYMENT_TARGET = 13.6;
				MTL_ENABLE_DEBUG_INFO = NO;
				MTL_FAST_MATH = YES;
				SDKROOT = iphoneos;
				SWIFT_COMPILATION_MODE = wholemodule;
				SWIFT_OPTIMIZATION_LEVEL = "-O";
				VALIDATE_PRODUCT = YES;
			};
			name = Release;
		};
		02DD0A0D25114D6700B6696B /* Debug */ = {
			isa = XCBuildConfiguration;
			buildSettings = {
				ASSETCATALOG_COMPILER_APPICON_NAME = AppIcon;
				CODE_SIGN_STYLE = Automatic;
				DEVELOPMENT_TEAM = BVZY57RJZG;
				INFOPLIST_FILE = MacroPepelelipa/Info.plist;
				LD_RUNPATH_SEARCH_PATHS = (
					"$(inherited)",
					"@executable_path/Frameworks",
				);
				PRODUCT_BUNDLE_IDENTIFIER = PGF.MacroPepelelipa;
				PRODUCT_NAME = "$(TARGET_NAME)";
				SWIFT_VERSION = 5.0;
				TARGETED_DEVICE_FAMILY = "1,2";
			};
			name = Debug;
		};
		02DD0A0E25114D6700B6696B /* Release */ = {
			isa = XCBuildConfiguration;
			buildSettings = {
				ASSETCATALOG_COMPILER_APPICON_NAME = AppIcon;
				CODE_SIGN_STYLE = Automatic;
				DEVELOPMENT_TEAM = BVZY57RJZG;
				INFOPLIST_FILE = MacroPepelelipa/Info.plist;
				LD_RUNPATH_SEARCH_PATHS = (
					"$(inherited)",
					"@executable_path/Frameworks",
				);
				PRODUCT_BUNDLE_IDENTIFIER = PGF.MacroPepelelipa;
				PRODUCT_NAME = "$(TARGET_NAME)";
				SWIFT_VERSION = 5.0;
				TARGETED_DEVICE_FAMILY = "1,2";
			};
			name = Release;
		};
/* End XCBuildConfiguration section */

/* Begin XCConfigurationList section */
		02DD09F325114D6200B6696B /* Build configuration list for PBXProject "MacroPepelelipa" */ = {
			isa = XCConfigurationList;
			buildConfigurations = (
				02DD0A0A25114D6700B6696B /* Debug */,
				02DD0A0B25114D6700B6696B /* Release */,
			);
			defaultConfigurationIsVisible = 0;
			defaultConfigurationName = Release;
		};
		02DD0A0C25114D6700B6696B /* Build configuration list for PBXNativeTarget "MacroPepelelipa" */ = {
			isa = XCConfigurationList;
			buildConfigurations = (
				02DD0A0D25114D6700B6696B /* Debug */,
				02DD0A0E25114D6700B6696B /* Release */,
			);
			defaultConfigurationIsVisible = 0;
			defaultConfigurationName = Release;
		};
/* End XCConfigurationList section */
	};
	rootObject = 02DD09F025114D6200B6696B /* Project object */;
}
