// !$*UTF8*$!
{
	archiveVersion = 1;
	classes = {
	};
	objectVersion = 50;
	objects = {

/* Begin PBXBuildFile section */
		0221BCF625115E360055A2E5 /* PageViewControllerDataSource.swift in Sources */ = {isa = PBXBuildFile; fileRef = 0221BCF525115E360055A2E5 /* PageViewControllerDataSource.swift */; };
		0221BCF825116CC60055A2E5 /* ColorExtension.swift in Sources */ = {isa = PBXBuildFile; fileRef = 0221BCF725116CC60055A2E5 /* ColorExtension.swift */; };
		0247F78A25115B3600405A61 /* PageViewController.swift in Sources */ = {isa = PBXBuildFile; fileRef = 0247F78925115B3600405A61 /* PageViewController.swift */; };
		0247F78D25115BAA00405A61 /* ViewController.swift in Sources */ = {isa = PBXBuildFile; fileRef = 0247F78C25115BAA00405A61 /* ViewController.swift */; };
		02DD09FC25114D6200B6696B /* AppDelegate.swift in Sources */ = {isa = PBXBuildFile; fileRef = 02DD09FB25114D6200B6696B /* AppDelegate.swift */; };
		02DD09FE25114D6200B6696B /* SceneDelegate.swift in Sources */ = {isa = PBXBuildFile; fileRef = 02DD09FD25114D6200B6696B /* SceneDelegate.swift */; };
		02DD0A0525114D6700B6696B /* Assets.xcassets in Resources */ = {isa = PBXBuildFile; fileRef = 02DD0A0425114D6700B6696B /* Assets.xcassets */; };
		02DD0A0825114D6700B6696B /* LaunchScreen.storyboard in Resources */ = {isa = PBXBuildFile; fileRef = 02DD0A0625114D6700B6696B /* LaunchScreen.storyboard */; };
		A7D4D229251287A700E204CC /* PageControllerDelegate.swift in Sources */ = {isa = PBXBuildFile; fileRef = A7D4D228251287A700E204CC /* PageControllerDelegate.swift */; };
/* End PBXBuildFile section */

/* Begin PBXFileReference section */
		0221BCF525115E360055A2E5 /* PageViewControllerDataSource.swift */ = {isa = PBXFileReference; lastKnownFileType = sourcecode.swift; path = PageViewControllerDataSource.swift; sourceTree = "<group>"; };
		0221BCF725116CC60055A2E5 /* ColorExtension.swift */ = {isa = PBXFileReference; lastKnownFileType = sourcecode.swift; path = ColorExtension.swift; sourceTree = "<group>"; };
		0247F78925115B3600405A61 /* PageViewController.swift */ = {isa = PBXFileReference; lastKnownFileType = sourcecode.swift; path = PageViewController.swift; sourceTree = "<group>"; };
		0247F78C25115BAA00405A61 /* ViewController.swift */ = {isa = PBXFileReference; lastKnownFileType = sourcecode.swift; path = ViewController.swift; sourceTree = "<group>"; };
		02DD09F825114D6200B6696B /* MacroPepelelipa.app */ = {isa = PBXFileReference; explicitFileType = wrapper.application; includeInIndex = 0; path = MacroPepelelipa.app; sourceTree = BUILT_PRODUCTS_DIR; };
		02DD09FB25114D6200B6696B /* AppDelegate.swift */ = {isa = PBXFileReference; lastKnownFileType = sourcecode.swift; path = AppDelegate.swift; sourceTree = "<group>"; };
		02DD09FD25114D6200B6696B /* SceneDelegate.swift */ = {isa = PBXFileReference; lastKnownFileType = sourcecode.swift; path = SceneDelegate.swift; sourceTree = "<group>"; };
		02DD0A0425114D6700B6696B /* Assets.xcassets */ = {isa = PBXFileReference; lastKnownFileType = folder.assetcatalog; path = Assets.xcassets; sourceTree = "<group>"; };
		02DD0A0725114D6700B6696B /* Base */ = {isa = PBXFileReference; lastKnownFileType = file.storyboard; name = Base; path = Base.lproj/LaunchScreen.storyboard; sourceTree = "<group>"; };
		02DD0A0925114D6700B6696B /* Info.plist */ = {isa = PBXFileReference; lastKnownFileType = text.plist.xml; path = Info.plist; sourceTree = "<group>"; };
		A7D4D228251287A700E204CC /* PageControllerDelegate.swift */ = {isa = PBXFileReference; lastKnownFileType = sourcecode.swift; path = PageControllerDelegate.swift; sourceTree = "<group>"; };
/* End PBXFileReference section */

/* Begin PBXFrameworksBuildPhase section */
		02DD09F525114D6200B6696B /* Frameworks */ = {
			isa = PBXFrameworksBuildPhase;
			buildActionMask = 2147483647;
			files = (
			);
			runOnlyForDeploymentPostprocessing = 0;
		};
/* End PBXFrameworksBuildPhase section */

/* Begin PBXGroup section */
		0221BCF425115E150055A2E5 /* Workspace */ = {
			isa = PBXGroup;
			children = (
				0221BCF525115E360055A2E5 /* PageViewControllerDataSource.swift */,
			);
			path = Workspace;
			sourceTree = "<group>";
		};
		0247F78B25115B8900405A61 /* Workspace */ = {
			isa = PBXGroup;
			children = (
				0247F78925115B3600405A61 /* PageViewController.swift */,
				A7D4D228251287A700E204CC /* PageControllerDelegate.swift */,
				0247F78C25115BAA00405A61 /* ViewController.swift */,
				024ED89D25115D1C00A2C709 /* CollectionView */,
			);
			path = Workspace;
			sourceTree = "<group>";
		};
		024ED89D25115D1C00A2C709 /* CollectionView */ = {
			isa = PBXGroup;
			children = (
			);
			path = CollectionView;
			sourceTree = "<group>";
		};
		02DD09EF25114D6200B6696B = {
			isa = PBXGroup;
			children = (
				02DD09FA25114D6200B6696B /* MacroPepelelipa */,
				02DD09F925114D6200B6696B /* Products */,
			);
			sourceTree = "<group>";
		};
		02DD09F925114D6200B6696B /* Products */ = {
			isa = PBXGroup;
			children = (
				02DD09F825114D6200B6696B /* MacroPepelelipa.app */,
			);
			name = Products;
			sourceTree = "<group>";
		};
		02DD09FA25114D6200B6696B /* MacroPepelelipa */ = {
			isa = PBXGroup;
			children = (
				02DD0A1125114E9D00B6696B /* Model */,
				02DD0A1225114EA200B6696B /* Controller */,
				02DD0A1025114E9800B6696B /* View */,
				02DD09FB25114D6200B6696B /* AppDelegate.swift */,
				02DD09FD25114D6200B6696B /* SceneDelegate.swift */,
				02DD0A0625114D6700B6696B /* LaunchScreen.storyboard */,
				02DD0A0925114D6700B6696B /* Info.plist */,
			);
			path = MacroPepelelipa;
			sourceTree = "<group>";
		};
		02DD0A1025114E9800B6696B /* View */ = {
			isa = PBXGroup;
			children = (
				02DD0A0425114D6700B6696B /* Assets.xcassets */,
			);
			path = View;
			sourceTree = "<group>";
		};
		02DD0A1125114E9D00B6696B /* Model */ = {
			isa = PBXGroup;
			children = (
				0221BCF425115E150055A2E5 /* Workspace */,
				0221BCF725116CC60055A2E5 /* ColorExtension.swift */,
			);
			path = Model;
			sourceTree = "<group>";
		};
		02DD0A1225114EA200B6696B /* Controller */ = {
			isa = PBXGroup;
			children = (
				0247F78B25115B8900405A61 /* Workspace */,
			);
			path = Controller;
			sourceTree = "<group>";
		};
/* End PBXGroup section */

/* Begin PBXNativeTarget section */
		02DD09F725114D6200B6696B /* MacroPepelelipa */ = {
			isa = PBXNativeTarget;
			buildConfigurationList = 02DD0A0C25114D6700B6696B /* Build configuration list for PBXNativeTarget "MacroPepelelipa" */;
			buildPhases = (
				02DD09F425114D6200B6696B /* Sources */,
				02DD09F525114D6200B6696B /* Frameworks */,
				02DD09F625114D6200B6696B /* Resources */,
				02DD0A0F25114DAB00B6696B /* ShellScript */,
			);
			buildRules = (
			);
			dependencies = (
			);
			name = MacroPepelelipa;
			productName = MacroPepelelipa;
			productReference = 02DD09F825114D6200B6696B /* MacroPepelelipa.app */;
			productType = "com.apple.product-type.application";
		};
/* End PBXNativeTarget section */

/* Begin PBXProject section */
		02DD09F025114D6200B6696B /* Project object */ = {
			isa = PBXProject;
			attributes = {
				LastSwiftUpdateCheck = 1160;
				LastUpgradeCheck = 1160;
				ORGANIZATIONNAME = "Pedro Giuliano Farina";
				TargetAttributes = {
					02DD09F725114D6200B6696B = {
						CreatedOnToolsVersion = 11.6;
					};
				};
			};
			buildConfigurationList = 02DD09F325114D6200B6696B /* Build configuration list for PBXProject "MacroPepelelipa" */;
			compatibilityVersion = "Xcode 9.3";
			developmentRegion = en;
			hasScannedForEncodings = 0;
			knownRegions = (
				en,
				Base,
			);
			mainGroup = 02DD09EF25114D6200B6696B;
			productRefGroup = 02DD09F925114D6200B6696B /* Products */;
			projectDirPath = "";
			projectRoot = "";
			targets = (
				02DD09F725114D6200B6696B /* MacroPepelelipa */,
			);
		};
/* End PBXProject section */

/* Begin PBXResourcesBuildPhase section */
		02DD09F625114D6200B6696B /* Resources */ = {
			isa = PBXResourcesBuildPhase;
			buildActionMask = 2147483647;
			files = (
				02DD0A0825114D6700B6696B /* LaunchScreen.storyboard in Resources */,
				02DD0A0525114D6700B6696B /* Assets.xcassets in Resources */,
			);
			runOnlyForDeploymentPostprocessing = 0;
		};
/* End PBXResourcesBuildPhase section */

/* Begin PBXShellScriptBuildPhase section */
		02DD0A0F25114DAB00B6696B /* ShellScript */ = {
			isa = PBXShellScriptBuildPhase;
			buildActionMask = 2147483647;
			files = (
			);
			inputFileListPaths = (
			);
			inputPaths = (
			);
			outputFileListPaths = (
			);
			outputPaths = (
			);
			runOnlyForDeploymentPostprocessing = 0;
			shellPath = /bin/sh;
			shellScript = "if which swiftlint >/dev/null; then\n  swiftlint\nelse\n  echo \"warning: SwiftLint not installed, download from https://github.com/realm/SwiftLint\"\nfi\n";
		};
/* End PBXShellScriptBuildPhase section */

/* Begin PBXSourcesBuildPhase section */
		02DD09F425114D6200B6696B /* Sources */ = {
			isa = PBXSourcesBuildPhase;
			buildActionMask = 2147483647;
			files = (
				0247F78D25115BAA00405A61 /* ViewController.swift in Sources */,
				0247F78A25115B3600405A61 /* PageViewController.swift in Sources */,
				02DD09FC25114D6200B6696B /* AppDelegate.swift in Sources */,
				A7D4D229251287A700E204CC /* PageControllerDelegate.swift in Sources */,
				0221BCF825116CC60055A2E5 /* ColorExtension.swift in Sources */,
				02DD09FE25114D6200B6696B /* SceneDelegate.swift in Sources */,
				0221BCF625115E360055A2E5 /* PageViewControllerDataSource.swift in Sources */,
			);
			runOnlyForDeploymentPostprocessing = 0;
		};
/* End PBXSourcesBuildPhase section */

/* Begin PBXVariantGroup section */
		02DD0A0625114D6700B6696B /* LaunchScreen.storyboard */ = {
			isa = PBXVariantGroup;
			children = (
				02DD0A0725114D6700B6696B /* Base */,
			);
			name = LaunchScreen.storyboard;
			sourceTree = "<group>";
		};
/* End PBXVariantGroup section */

/* Begin XCBuildConfiguration section */
		02DD0A0A25114D6700B6696B /* Debug */ = {
			isa = XCBuildConfiguration;
			buildSettings = {
				ALWAYS_SEARCH_USER_PATHS = NO;
				CLANG_ANALYZER_NONNULL = YES;
				CLANG_ANALYZER_NUMBER_OBJECT_CONVERSION = YES_AGGRESSIVE;
				CLANG_CXX_LANGUAGE_STANDARD = "gnu++14";
				CLANG_CXX_LIBRARY = "libc++";
				CLANG_ENABLE_MODULES = YES;
				CLANG_ENABLE_OBJC_ARC = YES;
				CLANG_ENABLE_OBJC_WEAK = YES;
				CLANG_WARN_BLOCK_CAPTURE_AUTORELEASING = YES;
				CLANG_WARN_BOOL_CONVERSION = YES;
				CLANG_WARN_COMMA = YES;
				CLANG_WARN_CONSTANT_CONVERSION = YES;
				CLANG_WARN_DEPRECATED_OBJC_IMPLEMENTATIONS = YES;
				CLANG_WARN_DIRECT_OBJC_ISA_USAGE = YES_ERROR;
				CLANG_WARN_DOCUMENTATION_COMMENTS = YES;
				CLANG_WARN_EMPTY_BODY = YES;
				CLANG_WARN_ENUM_CONVERSION = YES;
				CLANG_WARN_INFINITE_RECURSION = YES;
				CLANG_WARN_INT_CONVERSION = YES;
				CLANG_WARN_NON_LITERAL_NULL_CONVERSION = YES;
				CLANG_WARN_OBJC_IMPLICIT_RETAIN_SELF = YES;
				CLANG_WARN_OBJC_LITERAL_CONVERSION = YES;
				CLANG_WARN_OBJC_ROOT_CLASS = YES_ERROR;
				CLANG_WARN_RANGE_LOOP_ANALYSIS = YES;
				CLANG_WARN_STRICT_PROTOTYPES = YES;
				CLANG_WARN_SUSPICIOUS_MOVE = YES;
				CLANG_WARN_UNGUARDED_AVAILABILITY = YES_AGGRESSIVE;
				CLANG_WARN_UNREACHABLE_CODE = YES;
				CLANG_WARN__DUPLICATE_METHOD_MATCH = YES;
				COPY_PHASE_STRIP = NO;
				DEBUG_INFORMATION_FORMAT = dwarf;
				ENABLE_STRICT_OBJC_MSGSEND = YES;
				ENABLE_TESTABILITY = YES;
				GCC_C_LANGUAGE_STANDARD = gnu11;
				GCC_DYNAMIC_NO_PIC = NO;
				GCC_NO_COMMON_BLOCKS = YES;
				GCC_OPTIMIZATION_LEVEL = 0;
				GCC_PREPROCESSOR_DEFINITIONS = (
					"DEBUG=1",
					"$(inherited)",
				);
				GCC_WARN_64_TO_32_BIT_CONVERSION = YES;
				GCC_WARN_ABOUT_RETURN_TYPE = YES_ERROR;
				GCC_WARN_UNDECLARED_SELECTOR = YES;
				GCC_WARN_UNINITIALIZED_AUTOS = YES_AGGRESSIVE;
				GCC_WARN_UNUSED_FUNCTION = YES;
				GCC_WARN_UNUSED_VARIABLE = YES;
				IPHONEOS_DEPLOYMENT_TARGET = 13.6;
				MTL_ENABLE_DEBUG_INFO = INCLUDE_SOURCE;
				MTL_FAST_MATH = YES;
				ONLY_ACTIVE_ARCH = YES;
				SDKROOT = iphoneos;
				SWIFT_ACTIVE_COMPILATION_CONDITIONS = DEBUG;
				SWIFT_OPTIMIZATION_LEVEL = "-Onone";
			};
			name = Debug;
		};
		02DD0A0B25114D6700B6696B /* Release */ = {
			isa = XCBuildConfiguration;
			buildSettings = {
				ALWAYS_SEARCH_USER_PATHS = NO;
				CLANG_ANALYZER_NONNULL = YES;
				CLANG_ANALYZER_NUMBER_OBJECT_CONVERSION = YES_AGGRESSIVE;
				CLANG_CXX_LANGUAGE_STANDARD = "gnu++14";
				CLANG_CXX_LIBRARY = "libc++";
				CLANG_ENABLE_MODULES = YES;
				CLANG_ENABLE_OBJC_ARC = YES;
				CLANG_ENABLE_OBJC_WEAK = YES;
				CLANG_WARN_BLOCK_CAPTURE_AUTORELEASING = YES;
				CLANG_WARN_BOOL_CONVERSION = YES;
				CLANG_WARN_COMMA = YES;
				CLANG_WARN_CONSTANT_CONVERSION = YES;
				CLANG_WARN_DEPRECATED_OBJC_IMPLEMENTATIONS = YES;
				CLANG_WARN_DIRECT_OBJC_ISA_USAGE = YES_ERROR;
				CLANG_WARN_DOCUMENTATION_COMMENTS = YES;
				CLANG_WARN_EMPTY_BODY = YES;
				CLANG_WARN_ENUM_CONVERSION = YES;
				CLANG_WARN_INFINITE_RECURSION = YES;
				CLANG_WARN_INT_CONVERSION = YES;
				CLANG_WARN_NON_LITERAL_NULL_CONVERSION = YES;
				CLANG_WARN_OBJC_IMPLICIT_RETAIN_SELF = YES;
				CLANG_WARN_OBJC_LITERAL_CONVERSION = YES;
				CLANG_WARN_OBJC_ROOT_CLASS = YES_ERROR;
				CLANG_WARN_RANGE_LOOP_ANALYSIS = YES;
				CLANG_WARN_STRICT_PROTOTYPES = YES;
				CLANG_WARN_SUSPICIOUS_MOVE = YES;
				CLANG_WARN_UNGUARDED_AVAILABILITY = YES_AGGRESSIVE;
				CLANG_WARN_UNREACHABLE_CODE = YES;
				CLANG_WARN__DUPLICATE_METHOD_MATCH = YES;
				COPY_PHASE_STRIP = NO;
				DEBUG_INFORMATION_FORMAT = "dwarf-with-dsym";
				ENABLE_NS_ASSERTIONS = NO;
				ENABLE_STRICT_OBJC_MSGSEND = YES;
				GCC_C_LANGUAGE_STANDARD = gnu11;
				GCC_NO_COMMON_BLOCKS = YES;
				GCC_WARN_64_TO_32_BIT_CONVERSION = YES;
				GCC_WARN_ABOUT_RETURN_TYPE = YES_ERROR;
				GCC_WARN_UNDECLARED_SELECTOR = YES;
				GCC_WARN_UNINITIALIZED_AUTOS = YES_AGGRESSIVE;
				GCC_WARN_UNUSED_FUNCTION = YES;
				GCC_WARN_UNUSED_VARIABLE = YES;
				IPHONEOS_DEPLOYMENT_TARGET = 13.6;
				MTL_ENABLE_DEBUG_INFO = NO;
				MTL_FAST_MATH = YES;
				SDKROOT = iphoneos;
				SWIFT_COMPILATION_MODE = wholemodule;
				SWIFT_OPTIMIZATION_LEVEL = "-O";
				VALIDATE_PRODUCT = YES;
			};
			name = Release;
		};
		02DD0A0D25114D6700B6696B /* Debug */ = {
			isa = XCBuildConfiguration;
			buildSettings = {
				ASSETCATALOG_COMPILER_APPICON_NAME = AppIcon;
				CODE_SIGN_STYLE = Automatic;
				DEVELOPMENT_TEAM = BVZY57RJZG;
				INFOPLIST_FILE = MacroPepelelipa/Info.plist;
				LD_RUNPATH_SEARCH_PATHS = (
					"$(inherited)",
					"@executable_path/Frameworks",
				);
				PRODUCT_BUNDLE_IDENTIFIER = PGF.MacroPepelelipa;
				PRODUCT_NAME = "$(TARGET_NAME)";
				SWIFT_VERSION = 5.0;
				TARGETED_DEVICE_FAMILY = "1,2";
			};
			name = Debug;
		};
		02DD0A0E25114D6700B6696B /* Release */ = {
			isa = XCBuildConfiguration;
			buildSettings = {
				ASSETCATALOG_COMPILER_APPICON_NAME = AppIcon;
				CODE_SIGN_STYLE = Automatic;
				DEVELOPMENT_TEAM = BVZY57RJZG;
				INFOPLIST_FILE = MacroPepelelipa/Info.plist;
				LD_RUNPATH_SEARCH_PATHS = (
					"$(inherited)",
					"@executable_path/Frameworks",
				);
				PRODUCT_BUNDLE_IDENTIFIER = PGF.MacroPepelelipa;
				PRODUCT_NAME = "$(TARGET_NAME)";
				SWIFT_VERSION = 5.0;
				TARGETED_DEVICE_FAMILY = "1,2";
			};
			name = Release;
		};
/* End XCBuildConfiguration section */

/* Begin XCConfigurationList section */
		02DD09F325114D6200B6696B /* Build configuration list for PBXProject "MacroPepelelipa" */ = {
			isa = XCConfigurationList;
			buildConfigurations = (
				02DD0A0A25114D6700B6696B /* Debug */,
				02DD0A0B25114D6700B6696B /* Release */,
			);
			defaultConfigurationIsVisible = 0;
			defaultConfigurationName = Release;
		};
		02DD0A0C25114D6700B6696B /* Build configuration list for PBXNativeTarget "MacroPepelelipa" */ = {
			isa = XCConfigurationList;
			buildConfigurations = (
				02DD0A0D25114D6700B6696B /* Debug */,
				02DD0A0E25114D6700B6696B /* Release */,
			);
			defaultConfigurationIsVisible = 0;
			defaultConfigurationName = Release;
		};
/* End XCConfigurationList section */
	};
	rootObject = 02DD09F025114D6200B6696B /* Project object */;
}
